{
  "name": "@deckdeckgo/slide-video",
  "version": "1.0.0-rc.1",
  "lockfileVersion": 1,
  "requires": true,
  "dependencies": {
    "@deckdeckgo/slide-utils": {
      "version": "1.0.0-rc.1-1",
      "resolved": "https://registry.npmjs.org/@deckdeckgo/slide-utils/-/slide-utils-1.0.0-rc.1-1.tgz",
      "integrity": "sha512-m08pzwZLiLVFAGOw/8HfuFqQWQk6z1wvYA/kCVU3wNrIQNuigygZL2Q8PrF/HqPJxCmoOeIQzOgrIyugeuJ5qA==",
      "requires": {
        "@deckdeckgo/utils": "^1.0.0-rc.1"
      }
    },
    "@deckdeckgo/utils": {
      "version": "1.0.0-rc.1-1",
      "resolved": "https://registry.npmjs.org/@deckdeckgo/utils/-/utils-1.0.0-rc.1-1.tgz",
      "integrity": "sha512-FYszS7gTAC+V0BQ1CnNyKCkSRWcJw+37vTnMdWwFZzOA2JCYagqKKcZ/vWket8nuu7Q9NpsADoYCX8FMXU34/A=="
    },
    "@stencil/core": {
      "version": "1.4.0",
      "resolved": "https://registry.npmjs.org/@stencil/core/-/core-1.4.0.tgz",
      "integrity": "sha512-/iI87p7XsqE3U96ykx4SSY/btv9jZguI3JkG8RaTNlQipPUmPb0JmLei8sgijTUD/fY5TFuE3L1o8hwLI0rW3A==",
      "dev": true,
      "requires": {
        "typescript": "3.6.2"
      }
    },
    "@stencil/postcss": {
      "version": "1.0.1",
      "resolved": "https://registry.npmjs.org/@stencil/postcss/-/postcss-1.0.1.tgz",
      "integrity": "sha512-+QOLwdiMSeE6XbvjOM8bfMIX6E6L4DFLmnp0wZqCj4O/PVkNfEQA6IXZgd6F+OIfZ1wBy/dxR4Jvtwfo+QXa2g==",
      "dev": true,
      "requires": {
        "postcss": "~7.0.17"
      }
    },
    "@stencil/sass": {
      "version": "1.0.1",
      "resolved": "https://registry.npmjs.org/@stencil/sass/-/sass-1.0.1.tgz",
      "integrity": "sha512-3vmF8zir9FcVY/tYW0/V/pWrYSU684eASmALL2v29PGJvX6/CXh9n8LF7Jy95SpJPij3lisIUXLls7edXy2hYg==",
      "dev": true
    },
    "@stencil/utils": {
      "version": "0.0.5",
      "resolved": "https://registry.npmjs.org/@stencil/utils/-/utils-0.0.5.tgz",
      "integrity": "sha512-YOmrMgSTzGZtC2hSrD7vXWIerhEcxzUu+pdKQ2wev4QO8O++WR1lZydFTfFgsA+NSCn6RYzPmhbGOrs9+PBw6Q==",
      "dev": true
    },
    "ansi-styles": {
      "version": "3.2.1",
      "resolved": "https://registry.npmjs.org/ansi-styles/-/ansi-styles-3.2.1.tgz",
      "integrity": "sha512-VT0ZI6kZRdTh8YyJw3SMbYm/u+NqfsAxEpWO0Pf9sq8/e94WxxOpPKx9FR1FlyCtOVDNOQ+8ntlqFxiRc+r5qA==",
      "dev": true,
      "requires": {
        "color-convert": "^1.9.0"
      }
    },
    "autoprefixer": {
      "version": "9.6.1",
      "resolved": "https://registry.npmjs.org/autoprefixer/-/autoprefixer-9.6.1.tgz",
      "integrity": "sha512-aVo5WxR3VyvyJxcJC3h4FKfwCQvQWb1tSI5VHNibddCVWrcD1NvlxEweg3TSgiPztMnWfjpy2FURKA2kvDE+Tw==",
      "dev": true,
      "requires": {
        "browserslist": "^4.6.3",
        "caniuse-lite": "^1.0.30000980",
        "chalk": "^2.4.2",
        "normalize-range": "^0.1.2",
        "num2fraction": "^1.2.2",
        "postcss": "^7.0.17",
        "postcss-value-parser": "^4.0.0"
      }
    },
    "browserslist": {
      "version": "4.7.0",
      "resolved": "https://registry.npmjs.org/browserslist/-/browserslist-4.7.0.tgz",
      "integrity": "sha512-9rGNDtnj+HaahxiVV38Gn8n8Lr8REKsel68v1sPFfIGEK6uSXTY3h9acgiT1dZVtOOUtifo/Dn8daDQ5dUgVsA==",
      "dev": true,
      "requires": {
        "caniuse-lite": "^1.0.30000989",
        "electron-to-chromium": "^1.3.247",
        "node-releases": "^1.1.29"
      }
    },
    "caniuse-lite": {
      "version": "1.0.30000989",
      "resolved": "https://registry.npmjs.org/caniuse-lite/-/caniuse-lite-1.0.30000989.tgz",
      "integrity": "sha512-vrMcvSuMz16YY6GSVZ0dWDTJP8jqk3iFQ/Aq5iqblPwxSVVZI+zxDyTX0VPqtQsDnfdrBDcsmhgTEOh5R8Lbpw==",
      "dev": true
    },
    "chalk": {
      "version": "2.4.2",
      "resolved": "https://registry.npmjs.org/chalk/-/chalk-2.4.2.tgz",
      "integrity": "sha512-Mti+f9lpJNcwF4tWV8/OrTTtF1gZi+f8FqlyAdouralcFWFQWF2+NgCHShjkCb+IFBLq9buZwE1xckQU4peSuQ==",
      "dev": true,
      "requires": {
        "ansi-styles": "^3.2.1",
        "escape-string-regexp": "^1.0.5",
        "supports-color": "^5.3.0"
      },
      "dependencies": {
        "supports-color": {
          "version": "5.5.0",
          "resolved": "https://registry.npmjs.org/supports-color/-/supports-color-5.5.0.tgz",
          "integrity": "sha512-QjVjwdXIt408MIiAqCX4oUKsgU2EqAGzs2Ppkm4aQYbjm+ZEWEcW4SfFNTr4uMNZma0ey4f5lgLrkB0aX0QMow==",
          "dev": true,
          "requires": {
            "has-flag": "^3.0.0"
          }
        }
      }
    },
    "color-convert": {
      "version": "1.9.3",
      "resolved": "https://registry.npmjs.org/color-convert/-/color-convert-1.9.3.tgz",
      "integrity": "sha512-QfAUtd+vFdAtFQcC8CCyYt1fYWxSqAiK2cSD6zDB8N3cpsEBAvRxp9zOGg6G/SHHJYAT88/az/IuDGALsNVbGg==",
      "dev": true,
      "requires": {
        "color-name": "1.1.3"
      }
    },
    "color-name": {
      "version": "1.1.3",
      "resolved": "https://registry.npmjs.org/color-name/-/color-name-1.1.3.tgz",
      "integrity": "sha1-p9BVi9icQveV3UIyj3QIMcpTvCU=",
      "dev": true
    },
    "electron-to-chromium": {
      "version": "1.3.257",
      "resolved": "https://registry.npmjs.org/electron-to-chromium/-/electron-to-chromium-1.3.257.tgz",
      "integrity": "sha512-EcKVmUeHCZelPA0wnIaSmpAN8karKhKBwFb+xLUjSVZ8sGRE1l3fst1zQZ7KJUkyJ7H5edPd4RP94pzC9sG00A==",
      "dev": true
    },
    "escape-string-regexp": {
      "version": "1.0.5",
      "resolved": "https://registry.npmjs.org/escape-string-regexp/-/escape-string-regexp-1.0.5.tgz",
      "integrity": "sha1-G2HAViGQqN/2rjuyzwIAyhMLhtQ=",
      "dev": true
    },
    "has-flag": {
      "version": "3.0.0",
      "resolved": "https://registry.npmjs.org/has-flag/-/has-flag-3.0.0.tgz",
      "integrity": "sha1-tdRU3CGZriJWmfNGfloH87lVuv0=",
      "dev": true
    },
    "node-releases": {
      "version": "1.1.30",
      "resolved": "https://registry.npmjs.org/node-releases/-/node-releases-1.1.30.tgz",
      "integrity": "sha512-BHcr1g6NeUH12IL+X3Flvs4IOnl1TL0JczUhEZjDE+FXXPQcVCNr8NEPb01zqGxzhTpdyJL5GXemaCW7aw6Khw==",
      "dev": true,
      "requires": {
        "semver": "^5.3.0"
      }
    },
    "normalize-range": {
      "version": "0.1.2",
      "resolved": "https://registry.npmjs.org/normalize-range/-/normalize-range-0.1.2.tgz",
      "integrity": "sha1-LRDAa9/TEuqXd2laTShDlFa3WUI=",
      "dev": true
    },
    "num2fraction": {
      "version": "1.2.2",
      "resolved": "https://registry.npmjs.org/num2fraction/-/num2fraction-1.2.2.tgz",
      "integrity": "sha1-b2gragJ6Tp3fpFZM0lidHU5mnt4=",
      "dev": true
    },
    "postcss": {
      "version": "7.0.18",
      "resolved": "https://registry.npmjs.org/postcss/-/postcss-7.0.18.tgz",
      "integrity": "sha512-/7g1QXXgegpF+9GJj4iN7ChGF40sYuGYJ8WZu8DZWnmhQ/G36hfdk3q9LBJmoK+lZ+yzZ5KYpOoxq7LF1BxE8g==",
      "dev": true,
      "requires": {
        "chalk": "^2.4.2",
        "source-map": "^0.6.1",
        "supports-color": "^6.1.0"
      }
    },
    "postcss-value-parser": {
      "version": "4.0.2",
      "resolved": "https://registry.npmjs.org/postcss-value-parser/-/postcss-value-parser-4.0.2.tgz",
      "integrity": "sha512-LmeoohTpp/K4UiyQCwuGWlONxXamGzCMtFxLq4W1nZVGIQLYvMCJx3yAF9qyyuFpflABI9yVdtJAqbihOsCsJQ==",
      "dev": true
    },
    "semver": {
      "version": "5.7.1",
      "resolved": "https://registry.npmjs.org/semver/-/semver-5.7.1.tgz",
      "integrity": "sha512-sauaDf/PZdVgrLTNYHRtpXa1iRiKcaebiKQ1BJdpQlWH2lCvexQdX55snPFyK7QzpudqbCI0qXFfOasHdyNDGQ==",
      "dev": true
    },
    "source-map": {
      "version": "0.6.1",
      "resolved": "https://registry.npmjs.org/source-map/-/source-map-0.6.1.tgz",
      "integrity": "sha512-UjgapumWlbMhkBgzT7Ykc5YXUT46F0iKu8SGXq0bcwP5dz/h0Plj6enJqjz1Zbq2l5WaqYnrVbwWOWMyF3F47g==",
      "dev": true
    },
    "supports-color": {
      "version": "6.1.0",
      "resolved": "https://registry.npmjs.org/supports-color/-/supports-color-6.1.0.tgz",
      "integrity": "sha512-qe1jfm1Mg7Nq/NSh6XE24gPXROEVsWHxC1LIx//XNlD9iw7YZQGjZNjYN7xGaEG6iKdA8EtNFW6R0gjnVXp+wQ==",
      "dev": true,
      "requires": {
        "has-flag": "^3.0.0"
      }
    },
    "typescript": {
      "version": "3.6.2",
      "resolved": "https://registry.npmjs.org/typescript/-/typescript-3.6.2.tgz",
      "integrity": "sha512-lmQ4L+J6mnu3xweP8+rOrUwzmN+MRAj7TgtJtDaXE5PMyX2kCrklhg3rvOsOIfNeAWMQWO2F1GPc1kMD2vLAfw==",
      "dev": true
    }
  }
}
