{
  "name": "@deckdeckgo/slide-poll",
  "version": "1.0.0-beta.1",
  "lockfileVersion": 1,
  "requires": true,
  "dependencies": {
    "@deckdeckgo/charts": {
      "version": "file:../../charts",
      "requires": {
        "d3-array": "^2.3.3",
        "d3-axis": "^1.0.12",
        "d3-ease": "^1.0.5",
        "d3-scale": "^3.1.0",
        "d3-selection": "^1.4.0",
        "d3-shape": "^1.3.5",
        "d3-transition": "^1.2.0",
        "date-fns": "^2.5.1"
      },
      "dependencies": {
        "@stencil/core": {
          "version": "1.7.3",
          "resolved": "https://registry.npmjs.org/@stencil/core/-/core-1.7.3.tgz",
          "integrity": "sha512-3zfir9ndh0+bcIeetjJFPIGYmzgfZtV2SxYSTYOJNvBNaghn3r5mSo8Xtqwhbppkyni8CsGwWCf1WKDyFYkK4w==",
          "requires": {
            "typescript": "3.6.3"
          }
        },
        "@stencil/postcss": {
          "version": "1.0.1",
          "resolved": "https://registry.npmjs.org/@stencil/postcss/-/postcss-1.0.1.tgz",
          "integrity": "sha512-+QOLwdiMSeE6XbvjOM8bfMIX6E6L4DFLmnp0wZqCj4O/PVkNfEQA6IXZgd6F+OIfZ1wBy/dxR4Jvtwfo+QXa2g==",
          "requires": {
            "postcss": "~7.0.17"
          }
        },
        "@stencil/sass": {
          "version": "1.0.1",
          "resolved": "https://registry.npmjs.org/@stencil/sass/-/sass-1.0.1.tgz",
          "integrity": "sha512-3vmF8zir9FcVY/tYW0/V/pWrYSU684eASmALL2v29PGJvX6/CXh9n8LF7Jy95SpJPij3lisIUXLls7edXy2hYg=="
        },
        "@stencil/utils": {
          "version": "0.0.5",
          "resolved": "https://registry.npmjs.org/@stencil/utils/-/utils-0.0.5.tgz",
          "integrity": "sha512-YOmrMgSTzGZtC2hSrD7vXWIerhEcxzUu+pdKQ2wev4QO8O++WR1lZydFTfFgsA+NSCn6RYzPmhbGOrs9+PBw6Q=="
        },
        "@types/d3-array": {
          "version": "2.0.0",
          "resolved": "https://registry.npmjs.org/@types/d3-array/-/d3-array-2.0.0.tgz",
          "integrity": "sha512-rGqfPVowNDTszSFvwoZIXvrPG7s/qKzm9piCRIH6xwTTRu7pPZ3ootULFnPkTt74B6i5lN0FpLQL24qGOw1uZA=="
        },
        "@types/d3-axis": {
          "version": "1.0.12",
          "resolved": "https://registry.npmjs.org/@types/d3-axis/-/d3-axis-1.0.12.tgz",
          "integrity": "sha512-BZISgSD5M8TgURyNtcPAmUB9sk490CO1Thb6/gIn0WZTt3Y50IssX+2Z0vTccoqZksUDTep0b+o4ofXslvNbqg==",
          "requires": {
            "@types/d3-selection": "*"
          }
        },
        "@types/d3-ease": {
          "version": "1.0.9",
          "resolved": "https://registry.npmjs.org/@types/d3-ease/-/d3-ease-1.0.9.tgz",
          "integrity": "sha512-U5ADevQ+W6fy32FVZZC9EXallcV/Mi12A5Tkd0My5MrC7T8soMQEhlDAg88XUWm0zoCQlB4XV0en/24LvuDB4Q=="
        },
        "@types/d3-path": {
          "version": "1.0.8",
          "resolved": "https://registry.npmjs.org/@types/d3-path/-/d3-path-1.0.8.tgz",
          "integrity": "sha512-AZGHWslq/oApTAHu9+yH/Bnk63y9oFOMROtqPAtxl5uB6qm1x2lueWdVEjsjjV3Qc2+QfuzKIwIR5MvVBakfzA=="
        },
        "@types/d3-scale": {
          "version": "2.1.1",
          "resolved": "https://registry.npmjs.org/@types/d3-scale/-/d3-scale-2.1.1.tgz",
          "integrity": "sha512-kNTkbZQ+N/Ip8oX9PByXfDLoCSaZYm+VUOasbmsa6KD850/ziMdYepg/8kLg2plHzoLANdMqPoYQbvExevLUHg==",
          "requires": {
            "@types/d3-time": "*"
          }
        },
        "@types/d3-scale-chromatic": {
          "version": "1.3.1",
          "resolved": "https://registry.npmjs.org/@types/d3-scale-chromatic/-/d3-scale-chromatic-1.3.1.tgz",
          "integrity": "sha512-Ny3rLbV5tnmqgW7w/poCcef4kXP8mHPo/p8EjTS5d9OUk8MlqAeRaM8eF7Vyv7QMLiIXNE94Pa1cMLSPkXQBoQ=="
        },
        "@types/d3-selection": {
          "version": "1.4.1",
          "resolved": "https://registry.npmjs.org/@types/d3-selection/-/d3-selection-1.4.1.tgz",
          "integrity": "sha512-bv8IfFYo/xG6dxri9OwDnK3yCagYPeRIjTlrcdYJSx+FDWlCeBDepIHUpqROmhPtZ53jyna0aUajZRk0I3rXNA=="
        },
        "@types/d3-shape": {
          "version": "1.3.2",
          "resolved": "https://registry.npmjs.org/@types/d3-shape/-/d3-shape-1.3.2.tgz",
          "integrity": "sha512-LtD8EaNYCaBRzHzaAiIPrfcL3DdIysc81dkGlQvv7WQP3+YXV7b0JJTtR1U3bzeRieS603KF4wUo+ZkJVenh8w==",
          "requires": {
            "@types/d3-path": "*"
          }
        },
        "@types/d3-time": {
          "version": "1.0.10",
          "resolved": "https://registry.npmjs.org/@types/d3-time/-/d3-time-1.0.10.tgz",
          "integrity": "sha512-aKf62rRQafDQmSiv1NylKhIMmznsjRN+MnXRXTqHoqm0U/UZzVpdrtRnSIfdiLS616OuC1soYeX1dBg2n1u8Xw=="
        },
        "@types/d3-transition": {
          "version": "1.1.4",
          "resolved": "https://registry.npmjs.org/@types/d3-transition/-/d3-transition-1.1.4.tgz",
          "integrity": "sha512-/vsmKVUIXEyCcIXYAlw7bnYkIs9/J/nZbptRJFKUN3FdXq/dF6j9z9xXzerkyU6TDHLrMrwx9eGwdKyTIy/j9w==",
          "requires": {
            "@types/d3-selection": "*"
          }
        },
        "ansi-styles": {
          "version": "3.2.1",
          "resolved": "https://registry.npmjs.org/ansi-styles/-/ansi-styles-3.2.1.tgz",
          "integrity": "sha512-VT0ZI6kZRdTh8YyJw3SMbYm/u+NqfsAxEpWO0Pf9sq8/e94WxxOpPKx9FR1FlyCtOVDNOQ+8ntlqFxiRc+r5qA==",
          "requires": {
            "color-convert": "^1.9.0"
          }
        },
        "autoprefixer": {
          "version": "9.6.5",
          "resolved": "https://registry.npmjs.org/autoprefixer/-/autoprefixer-9.6.5.tgz",
          "integrity": "sha512-rGd50YV8LgwFQ2WQp4XzOTG69u1qQsXn0amww7tjqV5jJuNazgFKYEVItEBngyyvVITKOg20zr2V+9VsrXJQ2g==",
          "requires": {
            "browserslist": "^4.7.0",
            "caniuse-lite": "^1.0.30000999",
            "chalk": "^2.4.2",
            "normalize-range": "^0.1.2",
            "num2fraction": "^1.2.2",
            "postcss": "^7.0.18",
            "postcss-value-parser": "^4.0.2"
          },
          "dependencies": {
            "postcss": {
              "version": "7.0.18",
              "resolved": "https://registry.npmjs.org/postcss/-/postcss-7.0.18.tgz",
              "integrity": "sha512-/7g1QXXgegpF+9GJj4iN7ChGF40sYuGYJ8WZu8DZWnmhQ/G36hfdk3q9LBJmoK+lZ+yzZ5KYpOoxq7LF1BxE8g==",
              "requires": {
                "chalk": "^2.4.2",
                "source-map": "^0.6.1",
                "supports-color": "^6.1.0"
              }
            }
          }
        },
        "browserslist": {
          "version": "4.7.1",
          "resolved": "https://registry.npmjs.org/browserslist/-/browserslist-4.7.1.tgz",
          "integrity": "sha512-QtULFqKIAtiyNx7NhZ/p4rB8m3xDozVo/pi5VgTlADLF2tNigz/QH+v0m5qhn7XfHT7u+607NcCNOnC0HZAlMg==",
          "requires": {
            "caniuse-lite": "^1.0.30000999",
            "electron-to-chromium": "^1.3.284",
            "node-releases": "^1.1.36"
          }
        },
        "caniuse-lite": {
          "version": "1.0.30000999",
          "resolved": "https://registry.npmjs.org/caniuse-lite/-/caniuse-lite-1.0.30000999.tgz",
          "integrity": "sha512-1CUyKyecPeksKwXZvYw0tEoaMCo/RwBlXmEtN5vVnabvO0KPd9RQLcaAuR9/1F+KDMv6esmOFWlsXuzDk+8rxg=="
        },
        "chalk": {
          "version": "2.4.2",
          "resolved": "https://registry.npmjs.org/chalk/-/chalk-2.4.2.tgz",
          "integrity": "sha512-Mti+f9lpJNcwF4tWV8/OrTTtF1gZi+f8FqlyAdouralcFWFQWF2+NgCHShjkCb+IFBLq9buZwE1xckQU4peSuQ==",
          "requires": {
            "ansi-styles": "^3.2.1",
            "escape-string-regexp": "^1.0.5",
            "supports-color": "^5.3.0"
          },
          "dependencies": {
            "supports-color": {
              "version": "5.5.0",
              "resolved": "https://registry.npmjs.org/supports-color/-/supports-color-5.5.0.tgz",
              "integrity": "sha512-QjVjwdXIt408MIiAqCX4oUKsgU2EqAGzs2Ppkm4aQYbjm+ZEWEcW4SfFNTr4uMNZma0ey4f5lgLrkB0aX0QMow==",
              "requires": {
                "has-flag": "^3.0.0"
              }
            }
          }
        },
        "color-convert": {
          "version": "1.9.3",
          "resolved": "https://registry.npmjs.org/color-convert/-/color-convert-1.9.3.tgz",
          "integrity": "sha512-QfAUtd+vFdAtFQcC8CCyYt1fYWxSqAiK2cSD6zDB8N3cpsEBAvRxp9zOGg6G/SHHJYAT88/az/IuDGALsNVbGg==",
          "requires": {
            "color-name": "1.1.3"
          }
        },
        "color-name": {
          "version": "1.1.3",
          "resolved": "https://registry.npmjs.org/color-name/-/color-name-1.1.3.tgz",
          "integrity": "sha1-p9BVi9icQveV3UIyj3QIMcpTvCU="
        },
        "d3-array": {
          "version": "2.3.3",
          "resolved": "https://registry.npmjs.org/d3-array/-/d3-array-2.3.3.tgz",
          "integrity": "sha512-syv3wp0U5aB6toP2zb2OdBkhTy1MWDsCAaYk6OXJZv+G4u7bSWEmYgxLoFyc88RQUhZYGCebW9a9UD1gFi5+MQ=="
        },
        "d3-axis": {
          "version": "1.0.12",
          "resolved": "https://registry.npmjs.org/d3-axis/-/d3-axis-1.0.12.tgz",
          "integrity": "sha512-ejINPfPSNdGFKEOAtnBtdkpr24c4d4jsei6Lg98mxf424ivoDP2956/5HDpIAtmHo85lqT4pruy+zEgvRUBqaQ=="
        },
        "d3-color": {
          "version": "1.2.3",
          "resolved": "https://registry.npmjs.org/d3-color/-/d3-color-1.2.3.tgz",
          "integrity": "sha512-x37qq3ChOTLd26hnps36lexMRhNXEtVxZ4B25rL0DVdDsGQIJGB18S7y9XDwlDD6MD/ZBzITCf4JjGMM10TZkw=="
        },
        "d3-dispatch": {
          "version": "1.0.5",
          "resolved": "https://registry.npmjs.org/d3-dispatch/-/d3-dispatch-1.0.5.tgz",
          "integrity": "sha512-vwKx+lAqB1UuCeklr6Jh1bvC4SZgbSqbkGBLClItFBIYH4vqDJCA7qfoy14lXmJdnBOdxndAMxjCbImJYW7e6g=="
        },
        "d3-ease": {
          "version": "1.0.5",
          "resolved": "https://registry.npmjs.org/d3-ease/-/d3-ease-1.0.5.tgz",
          "integrity": "sha512-Ct1O//ly5y5lFM9YTdu+ygq7LleSgSE4oj7vUt9tPLHUi8VCV7QoizGpdWRWAwCO9LdYzIrQDg97+hGVdsSGPQ=="
        },
        "d3-format": {
          "version": "1.4.1",
          "resolved": "https://registry.npmjs.org/d3-format/-/d3-format-1.4.1.tgz",
          "integrity": "sha512-TUswGe6hfguUX1CtKxyG2nymO+1lyThbkS1ifLX0Sr+dOQtAD5gkrffpHnx+yHNKUZ0Bmg5T4AjUQwugPDrm0g=="
        },
        "d3-interpolate": {
          "version": "1.3.2",
          "resolved": "https://registry.npmjs.org/d3-interpolate/-/d3-interpolate-1.3.2.tgz",
          "integrity": "sha512-NlNKGopqaz9qM1PXh9gBF1KSCVh+jSFErrSlD/4hybwoNX/gt1d8CDbDW+3i+5UOHhjC6s6nMvRxcuoMVNgL2w==",
          "requires": {
            "d3-color": "1"
          }
        },
        "d3-path": {
          "version": "1.0.7",
          "resolved": "https://registry.npmjs.org/d3-path/-/d3-path-1.0.7.tgz",
          "integrity": "sha512-q0cW1RpvA5c5ma2rch62mX8AYaiLX0+bdaSM2wxSU9tXjU4DNvkx9qiUvjkuWCj3p22UO/hlPivujqMiR9PDzA=="
        },
        "d3-scale": {
          "version": "3.1.0",
          "resolved": "https://registry.npmjs.org/d3-scale/-/d3-scale-3.1.0.tgz",
          "integrity": "sha512-3edyEBwbwQG400VbgaepQC9ZYFX3h92flLHIUa1+nvZp/mqCYdxNM9zGTjKtPcSAuBCyPePdMQOapsD0qNALrg==",
          "requires": {
            "d3-array": "1.2.0 - 2",
            "d3-format": "1",
            "d3-interpolate": "1",
            "d3-time": "1",
            "d3-time-format": "2"
          }
        },
        "d3-selection": {
          "version": "1.4.0",
          "resolved": "https://registry.npmjs.org/d3-selection/-/d3-selection-1.4.0.tgz",
          "integrity": "sha512-EYVwBxQGEjLCKF2pJ4+yrErskDnz5v403qvAid96cNdCMr8rmCYfY5RGzWz24mdIbxmDf6/4EAH+K9xperD5jg=="
        },
        "d3-shape": {
          "version": "1.3.5",
          "resolved": "https://registry.npmjs.org/d3-shape/-/d3-shape-1.3.5.tgz",
          "integrity": "sha512-VKazVR3phgD+MUCldapHD7P9kcrvPcexeX/PkMJmkUov4JM8IxsSg1DvbYoYich9AtdTsa5nNk2++ImPiDiSxg==",
          "requires": {
            "d3-path": "1"
          }
        },
        "d3-time": {
          "version": "1.1.0",
          "resolved": "https://registry.npmjs.org/d3-time/-/d3-time-1.1.0.tgz",
          "integrity": "sha512-Xh0isrZ5rPYYdqhAVk8VLnMEidhz5aP7htAADH6MfzgmmicPkTo8LhkLxci61/lCB7n7UmE3bN0leRt+qvkLxA=="
        },
        "d3-time-format": {
          "version": "2.1.3",
          "resolved": "https://registry.npmjs.org/d3-time-format/-/d3-time-format-2.1.3.tgz",
          "integrity": "sha512-6k0a2rZryzGm5Ihx+aFMuO1GgelgIz+7HhB4PH4OEndD5q2zGn1mDfRdNrulspOfR6JXkb2sThhDK41CSK85QA==",
          "requires": {
            "d3-time": "1"
          }
        },
        "d3-timer": {
          "version": "1.0.9",
          "resolved": "https://registry.npmjs.org/d3-timer/-/d3-timer-1.0.9.tgz",
          "integrity": "sha512-rT34J5HnQUHhcLvhSB9GjCkN0Ddd5Y8nCwDBG2u6wQEeYxT/Lf51fTFFkldeib/sE/J0clIe0pnCfs6g/lRbyg=="
        },
        "d3-transition": {
          "version": "1.2.0",
          "resolved": "https://registry.npmjs.org/d3-transition/-/d3-transition-1.2.0.tgz",
          "integrity": "sha512-VJ7cmX/FPIPJYuaL2r1o1EMHLttvoIuZhhuAlRoOxDzogV8iQS6jYulDm3xEU3TqL80IZIhI551/ebmCMrkvhw==",
          "requires": {
            "d3-color": "1",
            "d3-dispatch": "1",
            "d3-ease": "1",
            "d3-interpolate": "1",
            "d3-selection": "^1.1.0",
            "d3-timer": "1"
          }
        },
        "date-fns": {
          "version": "2.5.1",
          "resolved": "https://registry.npmjs.org/date-fns/-/date-fns-2.5.1.tgz",
          "integrity": "sha512-ZBrQmuaqH9YqIejbgu8f09ki7wdD2JxWsRTZ/+HnnLNmkI56ty0evnWzKY+ihLT0xX5VdUX0vDNZCxJJGKX2+Q=="
        },
        "electron-to-chromium": {
          "version": "1.3.285",
          "resolved": "https://registry.npmjs.org/electron-to-chromium/-/electron-to-chromium-1.3.285.tgz",
          "integrity": "sha512-DYR9KW723sUbGK++DCmCmM95AbNXT4Q0tlCFMcYijFjayhuDqlGYR68OemlP8MJj0gjkwdeItIUfd0oLCgw+4A=="
        },
        "escape-string-regexp": {
          "version": "1.0.5",
          "resolved": "https://registry.npmjs.org/escape-string-regexp/-/escape-string-regexp-1.0.5.tgz",
          "integrity": "sha1-G2HAViGQqN/2rjuyzwIAyhMLhtQ="
        },
        "has-flag": {
          "version": "3.0.0",
          "resolved": "https://registry.npmjs.org/has-flag/-/has-flag-3.0.0.tgz",
          "integrity": "sha1-tdRU3CGZriJWmfNGfloH87lVuv0="
        },
        "node-releases": {
          "version": "1.1.36",
          "resolved": "https://registry.npmjs.org/node-releases/-/node-releases-1.1.36.tgz",
          "integrity": "sha512-ggXhX6QGyJSjj3r+6ml2LqqC28XOWmKtpb+a15/Zpr9V3yoNazxJNlcQDS9bYaid5FReEWHEgToH1mwoUceWwg==",
          "requires": {
            "semver": "^6.3.0"
          }
        },
        "normalize-range": {
          "version": "0.1.2",
          "resolved": "https://registry.npmjs.org/normalize-range/-/normalize-range-0.1.2.tgz",
          "integrity": "sha1-LRDAa9/TEuqXd2laTShDlFa3WUI="
        },
        "num2fraction": {
          "version": "1.2.2",
          "resolved": "https://registry.npmjs.org/num2fraction/-/num2fraction-1.2.2.tgz",
          "integrity": "sha1-b2gragJ6Tp3fpFZM0lidHU5mnt4="
        },
        "postcss": {
          "version": "7.0.17",
          "resolved": "https://registry.npmjs.org/postcss/-/postcss-7.0.17.tgz",
          "integrity": "sha512-546ZowA+KZ3OasvQZHsbuEpysvwTZNGJv9EfyCQdsIDltPSWHAeTQ5fQy/Npi2ZDtLI3zs7Ps/p6wThErhm9fQ==",
          "requires": {
            "chalk": "^2.4.2",
            "source-map": "^0.6.1",
            "supports-color": "^6.1.0"
          }
        },
        "postcss-value-parser": {
          "version": "4.0.2",
          "resolved": "https://registry.npmjs.org/postcss-value-parser/-/postcss-value-parser-4.0.2.tgz",
          "integrity": "sha512-LmeoohTpp/K4UiyQCwuGWlONxXamGzCMtFxLq4W1nZVGIQLYvMCJx3yAF9qyyuFpflABI9yVdtJAqbihOsCsJQ=="
        },
        "semver": {
          "version": "6.3.0",
          "resolved": "https://registry.npmjs.org/semver/-/semver-6.3.0.tgz",
          "integrity": "sha512-b39TBaTSfV6yBrapU89p5fKekE2m/NwnDocOVruQFS1/veMgdzuPcnOM34M6CwxW8jH/lxEa5rBoDeUwu5HHTw=="
        },
        "source-map": {
          "version": "0.6.1",
          "resolved": "https://registry.npmjs.org/source-map/-/source-map-0.6.1.tgz",
          "integrity": "sha512-UjgapumWlbMhkBgzT7Ykc5YXUT46F0iKu8SGXq0bcwP5dz/h0Plj6enJqjz1Zbq2l5WaqYnrVbwWOWMyF3F47g=="
        },
        "supports-color": {
          "version": "6.1.0",
          "resolved": "https://registry.npmjs.org/supports-color/-/supports-color-6.1.0.tgz",
          "integrity": "sha512-qe1jfm1Mg7Nq/NSh6XE24gPXROEVsWHxC1LIx//XNlD9iw7YZQGjZNjYN7xGaEG6iKdA8EtNFW6R0gjnVXp+wQ==",
          "requires": {
            "has-flag": "^3.0.0"
          }
        },
        "typescript": {
          "version": "3.6.3",
          "resolved": "https://registry.npmjs.org/typescript/-/typescript-3.6.3.tgz",
          "integrity": "sha512-N7bceJL1CtRQ2RiG0AQME13ksR7DiuQh/QehubYcghzv20tnh+MQnQIuJddTmsbqYj+dztchykemz0zFzlvdQw=="
        }
      }
    },
    "@deckdeckgo/slide-utils": {
      "version": "1.0.0-rc.3-2",
      "resolved": "https://registry.npmjs.org/@deckdeckgo/slide-utils/-/slide-utils-1.0.0-rc.3-2.tgz",
      "integrity": "sha512-e1375O9KJlR20MTDPn5JlMzUNKa/2B2khx/Ye8D8IqNlDas/NfqFeOHqS91YBinKu4D3NUE6qhNBf39ZyuSoAg==",
      "requires": {
        "@deckdeckgo/utils": "^1.0.0-rc.1-3"
      }
    },
    "@deckdeckgo/utils": {
      "version": "1.0.0-rc.1-3",
      "resolved": "https://registry.npmjs.org/@deckdeckgo/utils/-/utils-1.0.0-rc.1-3.tgz",
      "integrity": "sha512-Hga4/7ox4iCZ1LPF9WvRXjeCvmpq4hDRyfqAK+l/9lpxejWIVMLtlPeO/FCisYYiLRRMxWTAn7RM0+aMo4TO7A=="
    },
    "@stencil/core": {
      "version": "1.7.5",
      "resolved": "https://registry.npmjs.org/@stencil/core/-/core-1.7.5.tgz",
      "integrity": "sha512-VlXKeN/FAqwaZ5yVWOZB+3biwL6TBZHEN8iWJIHnM7AskKCBDSSHXktPjBOCAuO2/kB82je712GrIpqRnMJGHA==",
      "dev": true,
      "requires": {
        "typescript": "3.6.3"
      }
    },
    "@stencil/postcss": {
      "version": "1.0.1",
      "resolved": "https://registry.npmjs.org/@stencil/postcss/-/postcss-1.0.1.tgz",
      "integrity": "sha512-+QOLwdiMSeE6XbvjOM8bfMIX6E6L4DFLmnp0wZqCj4O/PVkNfEQA6IXZgd6F+OIfZ1wBy/dxR4Jvtwfo+QXa2g==",
      "dev": true,
      "requires": {
        "postcss": "~7.0.17"
      }
    },
    "@stencil/sass": {
      "version": "1.1.1",
      "resolved": "https://registry.npmjs.org/@stencil/sass/-/sass-1.1.1.tgz",
      "integrity": "sha512-Nny3JiFkpQa0RdXWCa4pzhKQYnHuDNzC9c4w35FcaZHXBVuZ1UHSHc7wI7By9SS1auYcySqpPOBVzgoCqXcYVQ==",
      "dev": true
    },
    "@stencil/utils": {
      "version": "0.0.5",
      "resolved": "https://registry.npmjs.org/@stencil/utils/-/utils-0.0.5.tgz",
      "integrity": "sha512-YOmrMgSTzGZtC2hSrD7vXWIerhEcxzUu+pdKQ2wev4QO8O++WR1lZydFTfFgsA+NSCn6RYzPmhbGOrs9+PBw6Q==",
      "dev": true
    },
    "@types/socket.io-client": {
      "version": "1.4.32",
      "resolved": "https://registry.npmjs.org/@types/socket.io-client/-/socket.io-client-1.4.32.tgz",
      "integrity": "sha512-Vs55Kq8F+OWvy1RLA31rT+cAyemzgm0EWNeax6BWF8H7QiiOYMJIdcwSDdm5LVgfEkoepsWkS+40+WNb7BUMbg==",
      "dev": true
    },
    "after": {
      "version": "0.8.2",
      "resolved": "https://registry.npmjs.org/after/-/after-0.8.2.tgz",
      "integrity": "sha1-/ts5T58OAqqXaOcCvaI7UF+ufh8="
    },
    "ansi-styles": {
      "version": "3.2.1",
      "resolved": "https://registry.npmjs.org/ansi-styles/-/ansi-styles-3.2.1.tgz",
      "integrity": "sha512-VT0ZI6kZRdTh8YyJw3SMbYm/u+NqfsAxEpWO0Pf9sq8/e94WxxOpPKx9FR1FlyCtOVDNOQ+8ntlqFxiRc+r5qA==",
      "dev": true,
      "requires": {
        "color-convert": "^1.9.0"
      }
    },
    "arraybuffer.slice": {
      "version": "0.0.7",
      "resolved": "https://registry.npmjs.org/arraybuffer.slice/-/arraybuffer.slice-0.0.7.tgz",
      "integrity": "sha512-wGUIVQXuehL5TCqQun8OW81jGzAWycqzFF8lFp+GOM5BXLYj3bKNsYC4daB7n6XjCqxQA/qgTJ+8ANR3acjrog=="
    },
    "async-limiter": {
      "version": "1.0.1",
      "resolved": "https://registry.npmjs.org/async-limiter/-/async-limiter-1.0.1.tgz",
      "integrity": "sha512-csOlWGAcRFJaI6m+F2WKdnMKr4HhdhFVBk0H/QbJFMCr+uO2kwohwXQPxw/9OCxp05r5ghVBFSyioixx3gfkNQ=="
    },
    "autoprefixer": {
      "version": "9.7.1",
      "resolved": "https://registry.npmjs.org/autoprefixer/-/autoprefixer-9.7.1.tgz",
      "integrity": "sha512-w3b5y1PXWlhYulevrTJ0lizkQ5CyqfeU6BIRDbuhsMupstHQOeb1Ur80tcB1zxSu7AwyY/qCQ7Vvqklh31ZBFw==",
      "dev": true,
      "requires": {
        "browserslist": "^4.7.2",
        "caniuse-lite": "^1.0.30001006",
        "chalk": "^2.4.2",
        "normalize-range": "^0.1.2",
        "num2fraction": "^1.2.2",
        "postcss": "^7.0.21",
        "postcss-value-parser": "^4.0.2"
      }
    },
    "backo2": {
      "version": "1.0.2",
      "resolved": "https://registry.npmjs.org/backo2/-/backo2-1.0.2.tgz",
      "integrity": "sha1-MasayLEpNjRj41s+u2n038+6eUc="
    },
    "base64-arraybuffer": {
      "version": "0.1.5",
      "resolved": "https://registry.npmjs.org/base64-arraybuffer/-/base64-arraybuffer-0.1.5.tgz",
      "integrity": "sha1-c5JncZI7Whl0etZmqlzUv5xunOg="
    },
    "better-assert": {
      "version": "1.0.2",
      "resolved": "https://registry.npmjs.org/better-assert/-/better-assert-1.0.2.tgz",
      "integrity": "sha1-QIZrnhueC1W0gYlDEeaPr/rrxSI=",
      "requires": {
        "callsite": "1.0.0"
      }
    },
    "blob": {
      "version": "0.0.5",
      "resolved": "https://registry.npmjs.org/blob/-/blob-0.0.5.tgz",
      "integrity": "sha512-gaqbzQPqOoamawKg0LGVd7SzLgXS+JH61oWprSLH+P+abTczqJbhTR8CmJ2u9/bUYNmHTGJx/UEmn6doAvvuig=="
    },
    "browserslist": {
      "version": "4.7.2",
      "resolved": "https://registry.npmjs.org/browserslist/-/browserslist-4.7.2.tgz",
      "integrity": "sha512-uZavT/gZXJd2UTi9Ov7/Z340WOSQ3+m1iBVRUknf+okKxonL9P83S3ctiBDtuRmRu8PiCHjqyueqQ9HYlJhxiw==",
      "dev": true,
      "requires": {
        "caniuse-lite": "^1.0.30001004",
        "electron-to-chromium": "^1.3.295",
        "node-releases": "^1.1.38"
      }
    },
    "callsite": {
      "version": "1.0.0",
      "resolved": "https://registry.npmjs.org/callsite/-/callsite-1.0.0.tgz",
      "integrity": "sha1-KAOY5dZkvXQDi28JBRU+borxvCA="
    },
    "caniuse-lite": {
      "version": "1.0.30001008",
      "resolved": "https://registry.npmjs.org/caniuse-lite/-/caniuse-lite-1.0.30001008.tgz",
      "integrity": "sha512-b8DJyb+VVXZGRgJUa30cbk8gKHZ3LOZTBLaUEEVr2P4xpmFigOCc62CO4uzquW641Ouq1Rm9N+rWLWdSYDaDIw==",
      "dev": true
    },
    "chalk": {
      "version": "2.4.2",
      "resolved": "https://registry.npmjs.org/chalk/-/chalk-2.4.2.tgz",
      "integrity": "sha512-Mti+f9lpJNcwF4tWV8/OrTTtF1gZi+f8FqlyAdouralcFWFQWF2+NgCHShjkCb+IFBLq9buZwE1xckQU4peSuQ==",
      "dev": true,
      "requires": {
        "ansi-styles": "^3.2.1",
        "escape-string-regexp": "^1.0.5",
        "supports-color": "^5.3.0"
      },
      "dependencies": {
        "supports-color": {
          "version": "5.5.0",
          "resolved": "https://registry.npmjs.org/supports-color/-/supports-color-5.5.0.tgz",
          "integrity": "sha512-QjVjwdXIt408MIiAqCX4oUKsgU2EqAGzs2Ppkm4aQYbjm+ZEWEcW4SfFNTr4uMNZma0ey4f5lgLrkB0aX0QMow==",
          "dev": true,
          "requires": {
            "has-flag": "^3.0.0"
          }
        }
      }
    },
    "color-convert": {
      "version": "1.9.3",
      "resolved": "https://registry.npmjs.org/color-convert/-/color-convert-1.9.3.tgz",
      "integrity": "sha512-QfAUtd+vFdAtFQcC8CCyYt1fYWxSqAiK2cSD6zDB8N3cpsEBAvRxp9zOGg6G/SHHJYAT88/az/IuDGALsNVbGg==",
      "dev": true,
      "requires": {
        "color-name": "1.1.3"
      }
    },
    "color-name": {
      "version": "1.1.3",
      "resolved": "https://registry.npmjs.org/color-name/-/color-name-1.1.3.tgz",
      "integrity": "sha1-p9BVi9icQveV3UIyj3QIMcpTvCU=",
      "dev": true
    },
    "component-bind": {
      "version": "1.0.0",
      "resolved": "https://registry.npmjs.org/component-bind/-/component-bind-1.0.0.tgz",
      "integrity": "sha1-AMYIq33Nk4l8AAllGx06jh5zu9E="
    },
    "component-emitter": {
      "version": "1.2.1",
      "resolved": "https://registry.npmjs.org/component-emitter/-/component-emitter-1.2.1.tgz",
      "integrity": "sha1-E3kY1teCg/ffemt8WmPhQOaUJeY="
    },
    "component-inherit": {
      "version": "0.0.3",
      "resolved": "https://registry.npmjs.org/component-inherit/-/component-inherit-0.0.3.tgz",
      "integrity": "sha1-ZF/ErfWLcrZJ1crmUTVhnbJv8UM="
    },
    "debug": {
      "version": "4.1.1",
      "resolved": "https://registry.npmjs.org/debug/-/debug-4.1.1.tgz",
      "integrity": "sha512-pYAIzeRo8J6KPEaJ0VWOh5Pzkbw/RetuzehGM7QRRX5he4fPHx2rdKMB256ehJCkX+XRQm16eZLqLNS8RSZXZw==",
      "requires": {
        "ms": "^2.1.1"
      }
    },
    "electron-to-chromium": {
      "version": "1.3.306",
      "resolved": "https://registry.npmjs.org/electron-to-chromium/-/electron-to-chromium-1.3.306.tgz",
      "integrity": "sha512-frDqXvrIROoYvikSKTIKbHbzO6M3/qC6kCIt/1FOa9kALe++c4VAJnwjSFvf1tYLEUsP2n9XZ4XSCyqc3l7A/A==",
      "dev": true
    },
    "engine.io-client": {
      "version": "3.4.0",
      "resolved": "https://registry.npmjs.org/engine.io-client/-/engine.io-client-3.4.0.tgz",
      "integrity": "sha512-a4J5QO2k99CM2a0b12IznnyQndoEvtA4UAldhGzKqnHf42I3Qs2W5SPnDvatZRcMaNZs4IevVicBPayxYt6FwA==",
      "requires": {
        "component-emitter": "1.2.1",
        "component-inherit": "0.0.3",
        "debug": "~4.1.0",
        "engine.io-parser": "~2.2.0",
        "has-cors": "1.1.0",
        "indexof": "0.0.1",
        "parseqs": "0.0.5",
        "parseuri": "0.0.5",
        "ws": "~6.1.0",
        "xmlhttprequest-ssl": "~1.5.4",
        "yeast": "0.1.2"
      }
    },
    "engine.io-parser": {
      "version": "2.2.0",
      "resolved": "https://registry.npmjs.org/engine.io-parser/-/engine.io-parser-2.2.0.tgz",
      "integrity": "sha512-6I3qD9iUxotsC5HEMuuGsKA0cXerGz+4uGcXQEkfBidgKf0amsjrrtwcbwK/nzpZBxclXlV7gGl9dgWvu4LF6w==",
      "requires": {
        "after": "0.8.2",
        "arraybuffer.slice": "~0.0.7",
        "base64-arraybuffer": "0.1.5",
        "blob": "0.0.5",
        "has-binary2": "~1.0.2"
      }
    },
    "escape-string-regexp": {
      "version": "1.0.5",
      "resolved": "https://registry.npmjs.org/escape-string-regexp/-/escape-string-regexp-1.0.5.tgz",
      "integrity": "sha1-G2HAViGQqN/2rjuyzwIAyhMLhtQ=",
      "dev": true
    },
    "has-binary2": {
      "version": "1.0.3",
      "resolved": "https://registry.npmjs.org/has-binary2/-/has-binary2-1.0.3.tgz",
      "integrity": "sha512-G1LWKhDSvhGeAQ8mPVQlqNcOB2sJdwATtZKl2pDKKHfpf/rYj24lkinxf69blJbnsvtqqNU+L3SL50vzZhXOnw==",
      "requires": {
        "isarray": "2.0.1"
      }
    },
    "has-cors": {
      "version": "1.1.0",
      "resolved": "https://registry.npmjs.org/has-cors/-/has-cors-1.1.0.tgz",
      "integrity": "sha1-XkdHk/fqmEPRu5nCPu9J/xJv/zk="
    },
    "has-flag": {
      "version": "3.0.0",
      "resolved": "https://registry.npmjs.org/has-flag/-/has-flag-3.0.0.tgz",
      "integrity": "sha1-tdRU3CGZriJWmfNGfloH87lVuv0=",
      "dev": true
    },
    "indexof": {
      "version": "0.0.1",
      "resolved": "https://registry.npmjs.org/indexof/-/indexof-0.0.1.tgz",
      "integrity": "sha1-gtwzbSMrkGIXnQWrMpOmYFn9Q10="
    },
    "isarray": {
      "version": "2.0.1",
      "resolved": "https://registry.npmjs.org/isarray/-/isarray-2.0.1.tgz",
      "integrity": "sha1-o32U7ZzaLVmGXJ92/llu4fM4dB4="
    },
    "ms": {
      "version": "2.1.2",
      "resolved": "https://registry.npmjs.org/ms/-/ms-2.1.2.tgz",
      "integrity": "sha512-sGkPx+VjMtmA6MX27oA4FBFELFCZZ4S4XqeGOXCv68tT+jb3vk/RyaKWP0PTKyWtmLSM0b+adUTEvbs1PEaH2w=="
    },
    "node-releases": {
      "version": "1.1.39",
      "resolved": "https://registry.npmjs.org/node-releases/-/node-releases-1.1.39.tgz",
      "integrity": "sha512-8MRC/ErwNCHOlAFycy9OPca46fQYUjbJRDcZTHVWIGXIjYLM73k70vv3WkYutVnM4cCo4hE0MqBVVZjP6vjISA==",
      "dev": true,
      "requires": {
        "semver": "^6.3.0"
      }
    },
    "normalize-range": {
      "version": "0.1.2",
      "resolved": "https://registry.npmjs.org/normalize-range/-/normalize-range-0.1.2.tgz",
      "integrity": "sha1-LRDAa9/TEuqXd2laTShDlFa3WUI=",
      "dev": true
    },
    "num2fraction": {
      "version": "1.2.2",
      "resolved": "https://registry.npmjs.org/num2fraction/-/num2fraction-1.2.2.tgz",
      "integrity": "sha1-b2gragJ6Tp3fpFZM0lidHU5mnt4=",
      "dev": true
    },
    "object-component": {
      "version": "0.0.3",
      "resolved": "https://registry.npmjs.org/object-component/-/object-component-0.0.3.tgz",
      "integrity": "sha1-8MaapQ78lbhmwYb0AKM3acsvEpE="
    },
    "parseqs": {
      "version": "0.0.5",
      "resolved": "https://registry.npmjs.org/parseqs/-/parseqs-0.0.5.tgz",
      "integrity": "sha1-1SCKNzjkZ2bikbouoXNoSSGouJ0=",
      "requires": {
        "better-assert": "~1.0.0"
      }
    },
    "parseuri": {
      "version": "0.0.5",
      "resolved": "https://registry.npmjs.org/parseuri/-/parseuri-0.0.5.tgz",
      "integrity": "sha1-gCBKUNTbt3m/3G6+J3jZDkvOMgo=",
      "requires": {
        "better-assert": "~1.0.0"
      }
    },
    "postcss": {
      "version": "7.0.21",
      "resolved": "https://registry.npmjs.org/postcss/-/postcss-7.0.21.tgz",
      "integrity": "sha512-uIFtJElxJo29QC753JzhidoAhvp/e/Exezkdhfmt8AymWT6/5B7W1WmponYWkHk2eg6sONyTch0A3nkMPun3SQ==",
      "dev": true,
      "requires": {
        "chalk": "^2.4.2",
        "source-map": "^0.6.1",
        "supports-color": "^6.1.0"
      }
    },
    "postcss-value-parser": {
      "version": "4.0.2",
      "resolved": "https://registry.npmjs.org/postcss-value-parser/-/postcss-value-parser-4.0.2.tgz",
      "integrity": "sha512-LmeoohTpp/K4UiyQCwuGWlONxXamGzCMtFxLq4W1nZVGIQLYvMCJx3yAF9qyyuFpflABI9yVdtJAqbihOsCsJQ==",
      "dev": true
    },
    "rxjs": {
      "version": "6.5.3",
      "resolved": "https://registry.npmjs.org/rxjs/-/rxjs-6.5.3.tgz",
      "integrity": "sha512-wuYsAYYFdWTAnAaPoKGNhfpWwKZbJW+HgAJ+mImp+Epl7BG8oNWBCTyRM8gba9k4lk8BgWdoYm21Mo/RYhhbgA==",
      "requires": {
        "tslib": "^1.9.0"
      }
    },
    "semver": {
      "version": "6.3.0",
      "resolved": "https://registry.npmjs.org/semver/-/semver-6.3.0.tgz",
      "integrity": "sha512-b39TBaTSfV6yBrapU89p5fKekE2m/NwnDocOVruQFS1/veMgdzuPcnOM34M6CwxW8jH/lxEa5rBoDeUwu5HHTw==",
      "dev": true
    },
    "socket.io-client": {
      "version": "2.3.0",
      "resolved": "https://registry.npmjs.org/socket.io-client/-/socket.io-client-2.3.0.tgz",
      "integrity": "sha512-cEQQf24gET3rfhxZ2jJ5xzAOo/xhZwK+mOqtGRg5IowZsMgwvHwnf/mCRapAAkadhM26y+iydgwsXGObBB5ZdA==",
      "requires": {
        "backo2": "1.0.2",
        "base64-arraybuffer": "0.1.5",
        "component-bind": "1.0.0",
        "component-emitter": "1.2.1",
        "debug": "~4.1.0",
        "engine.io-client": "~3.4.0",
        "has-binary2": "~1.0.2",
        "has-cors": "1.1.0",
        "indexof": "0.0.1",
        "object-component": "0.0.3",
        "parseqs": "0.0.5",
        "parseuri": "0.0.5",
        "socket.io-parser": "~3.3.0",
        "to-array": "0.1.4"
      }
    },
    "socket.io-parser": {
      "version": "3.3.0",
      "resolved": "https://registry.npmjs.org/socket.io-parser/-/socket.io-parser-3.3.0.tgz",
      "integrity": "sha512-hczmV6bDgdaEbVqhAeVMM/jfUfzuEZHsQg6eOmLgJht6G3mPKMxYm75w2+qhAQZ+4X+1+ATZ+QFKeOZD5riHng==",
      "requires": {
        "component-emitter": "1.2.1",
        "debug": "~3.1.0",
        "isarray": "2.0.1"
      },
      "dependencies": {
        "debug": {
          "version": "3.1.0",
          "resolved": "https://registry.npmjs.org/debug/-/debug-3.1.0.tgz",
          "integrity": "sha512-OX8XqP7/1a9cqkxYw2yXss15f26NKWBpDXQd0/uK/KPqdQhxbPa994hnzjcE2VqQpDslf55723cKPUOGSmMY3g==",
          "requires": {
            "ms": "2.0.0"
          }
        },
        "ms": {
          "version": "2.0.0",
          "resolved": "https://registry.npmjs.org/ms/-/ms-2.0.0.tgz",
          "integrity": "sha1-VgiurfwAvmwpAd9fmGF4jeDVl8g="
        }
      }
    },
    "source-map": {
      "version": "0.6.1",
      "resolved": "https://registry.npmjs.org/source-map/-/source-map-0.6.1.tgz",
      "integrity": "sha512-UjgapumWlbMhkBgzT7Ykc5YXUT46F0iKu8SGXq0bcwP5dz/h0Plj6enJqjz1Zbq2l5WaqYnrVbwWOWMyF3F47g==",
      "dev": true
    },
    "supports-color": {
      "version": "6.1.0",
      "resolved": "https://registry.npmjs.org/supports-color/-/supports-color-6.1.0.tgz",
      "integrity": "sha512-qe1jfm1Mg7Nq/NSh6XE24gPXROEVsWHxC1LIx//XNlD9iw7YZQGjZNjYN7xGaEG6iKdA8EtNFW6R0gjnVXp+wQ==",
      "dev": true,
      "requires": {
        "has-flag": "^3.0.0"
      }
    },
    "to-array": {
      "version": "0.1.4",
      "resolved": "https://registry.npmjs.org/to-array/-/to-array-0.1.4.tgz",
      "integrity": "sha1-F+bBH3PdTz10zaek/zI46a2b+JA="
    },
    "tslib": {
      "version": "1.10.0",
      "resolved": "https://registry.npmjs.org/tslib/-/tslib-1.10.0.tgz",
      "integrity": "sha512-qOebF53frne81cf0S9B41ByenJ3/IuH8yJKngAX35CmiZySA0khhkovshKK+jGCaMnVomla7gVlIcc3EvKPbTQ=="
    },
    "typescript": {
      "version": "3.6.3",
      "resolved": "https://registry.npmjs.org/typescript/-/typescript-3.6.3.tgz",
      "integrity": "sha512-N7bceJL1CtRQ2RiG0AQME13ksR7DiuQh/QehubYcghzv20tnh+MQnQIuJddTmsbqYj+dztchykemz0zFzlvdQw==",
      "dev": true
    },
    "ws": {
      "version": "6.1.4",
      "resolved": "https://registry.npmjs.org/ws/-/ws-6.1.4.tgz",
      "integrity": "sha512-eqZfL+NE/YQc1/ZynhojeV8q+H050oR8AZ2uIev7RU10svA9ZnJUddHcOUZTJLinZ9yEfdA2kSATS2qZK5fhJA==",
      "requires": {
        "async-limiter": "~1.0.0"
      }
    },
    "xmlhttprequest-ssl": {
      "version": "1.5.5",
      "resolved": "https://registry.npmjs.org/xmlhttprequest-ssl/-/xmlhttprequest-ssl-1.5.5.tgz",
      "integrity": "sha1-wodrBhaKrcQOV9l+gRkayPQ5iz4="
    },
    "yeast": {
      "version": "0.1.2",
      "resolved": "https://registry.npmjs.org/yeast/-/yeast-0.1.2.tgz",
      "integrity": "sha1-AI4G2AlDIMNy28L47XagymyKxBk="
    }
  }
}
