{
  "name": "deckdeckgo-docs",
  "version": "1.0.0-rc.1-1",
  "lockfileVersion": 1,
  "requires": true,
  "dependencies": {
    "@babel/runtime": {
      "version": "7.5.5",
      "resolved": "https://registry.npmjs.org/@babel/runtime/-/runtime-7.5.5.tgz",
      "integrity": "sha512-28QvEGyQyNkB0/m2B4FU7IEZGK2NUrcMtT6BZEFALTguLk+AUT6ofsHtPk5QyjAdUkpMJ+/Em+quwz4HOt30AQ==",
      "dev": true,
      "requires": {
        "regenerator-runtime": "^0.13.2"
      }
    },
    "@deckdeckgo/charts": {
      "version": "1.0.0-rc.1",
      "resolved": "https://registry.npmjs.org/@deckdeckgo/charts/-/charts-1.0.0-rc.1.tgz",
      "integrity": "sha512-eA//EPG8c+Ivx+bEyeLhtevLPE1UqO3ScREeZthl5vTA0DIv0KmUdZhCjfAZu1/fef51vQQ1+f/cLeGeNhSqzg==",
      "requires": {
        "d3-array": "^2.3.1",
        "d3-axis": "^1.0.12",
        "d3-ease": "^1.0.5",
        "d3-scale": "^3.0.1",
        "d3-scale-chromatic": "^1.5.0",
        "d3-selection": "^1.4.0",
        "d3-shape": "^1.3.5",
        "d3-transition": "^1.2.0",
        "date-fns": "^2.0.1"
      }
    },
    "@deckdeckgo/core": {
      "version": "1.0.0-rc.1",
      "resolved": "https://registry.npmjs.org/@deckdeckgo/core/-/core-1.0.0-rc.1.tgz",
      "integrity": "sha512-JGUgFZ2GNPuFu/AcarI0UTmHBpPLOdYaV9s7mRkwLf0mvRJJsoWoWp2LUr8DqE/dmaq/cWsF1UMqxKL6HdUhLw==",
      "requires": {
        "@deckdeckgo/utils": "^1.0.0-rc.1"
      }
    },
    "@deckdeckgo/highlight-code": {
      "version": "1.0.0-rc.1",
      "resolved": "https://registry.npmjs.org/@deckdeckgo/highlight-code/-/highlight-code-1.0.0-rc.1.tgz",
      "integrity": "sha512-NTDP+NhI2NDadWUGt4Nh5yfbL/Z0yt2hDE6gCUjzH5jVDV64DppntdiwfO9p2fJUwsowgul58fLCYWhM91eykg==",
      "requires": {
        "prismjs": "^1.17.1"
      }
    },
    "@deckdeckgo/inline-editor": {
      "version": "1.0.0-rc.1",
      "resolved": "https://registry.npmjs.org/@deckdeckgo/inline-editor/-/inline-editor-1.0.0-rc.1.tgz",
      "integrity": "sha512-vvTQBHA5h9u5EKjZsa7mIZzNl8htBtIuuooIacf5sgivFjUP8zCvrmkrrTD12NiDOeC6nC0nXHvmX/sDRJa42g==",
      "requires": {
        "@deckdeckgo/utils": "^1.0.0-rc.1"
      }
    },
    "@deckdeckgo/qrcode": {
      "version": "1.0.0-rc.1",
      "resolved": "https://registry.npmjs.org/@deckdeckgo/qrcode/-/qrcode-1.0.0-rc.1.tgz",
      "integrity": "sha512-SUwThFI2cAqu6bIoW5b6SuFcpWc2lL2GoTcsfk1OKITlBO9kRxj4ZC+YQacaQ/3yd+p64qyWpUhpeDg4oZA2kg=="
    },
    "@deckdeckgo/slide-author": {
      "version": "1.0.0-rc.1",
      "resolved": "https://registry.npmjs.org/@deckdeckgo/slide-author/-/slide-author-1.0.0-rc.1.tgz",
      "integrity": "sha512-PjE1gyKyEmjBeDZ1KEE5sQzUxwAwvN5QLCduP79xDQRMAY939xk8mikukLpc4RMs1UunIIHBmYWb96pFphnjGQ==",
      "requires": {
        "@deckdeckgo/slide-utils": "^1.0.0-rc.1-1"
      }
    },
    "@deckdeckgo/slide-chart": {
      "version": "1.0.0-rc.1",
      "resolved": "https://registry.npmjs.org/@deckdeckgo/slide-chart/-/slide-chart-1.0.0-rc.1.tgz",
      "integrity": "sha512-qLy0+k0zXtTy88MP7CX6Eb/RRzHnNBw5Y2BN3EI5NPsmZ59NGwCsU+RLswxflSpTtXQz4nYEhuEPR/NUXvqI2w==",
      "requires": {
        "@deckdeckgo/slide-utils": "^1.0.0-rc.1-1",
        "@deckdeckgo/utils": "^1.0.0-rc.1"
      }
    },
    "@deckdeckgo/slide-code": {
      "version": "1.0.0-rc.1",
      "resolved": "https://registry.npmjs.org/@deckdeckgo/slide-code/-/slide-code-1.0.0-rc.1.tgz",
      "integrity": "sha512-E4kDSQM/A8ayUFn1b6rivJay3aHiFxVbiByIAkEwgqnR8RrIWKAogsCZOTFNllgxvMGjaav6vGtUVDgUY4Qmig==",
      "requires": {
        "@deckdeckgo/slide-utils": "^1.0.0-rc.1-1",
        "@deckdeckgo/utils": "^1.0.0-rc.1"
      }
    },
    "@deckdeckgo/slide-content": {
      "version": "1.0.0-rc.1",
      "resolved": "https://registry.npmjs.org/@deckdeckgo/slide-content/-/slide-content-1.0.0-rc.1.tgz",
      "integrity": "sha512-zFftGskYwR1k45wGBQ9CN0HiiJ4d1Q+c/DttmFG3ksONssLw9obgwX5j5dnyzkgDKR5jiUR5RqLB+W9L7B9EtA==",
      "requires": {
        "@deckdeckgo/slide-utils": "^1.0.0-rc.1-1"
      }
    },
    "@deckdeckgo/slide-countdown": {
      "version": "1.0.0-rc.1",
      "resolved": "https://registry.npmjs.org/@deckdeckgo/slide-countdown/-/slide-countdown-1.0.0-rc.1.tgz",
      "integrity": "sha512-YgK2XtpTHH8hpaB0N5BRgnx8bB+JUN4dtYd+nmVZ+jt+3QCrScwPNML+2oOxlHjVK1kxGpUTe+jIDDfr1qNXvQ==",
      "requires": {
        "@deckdeckgo/slide-utils": "^1.0.0-rc.1-1"
      }
    },
    "@deckdeckgo/slide-gif": {
      "version": "1.0.0-rc.1",
      "resolved": "https://registry.npmjs.org/@deckdeckgo/slide-gif/-/slide-gif-1.0.0-rc.1.tgz",
      "integrity": "sha512-e4c7EZt+5xcrQE95TARF22Nmvh9hqQxHFZk6a5+bZMs0qAJzBf0cbO7ceziK3+r0EyHqJTfu7OtEmc80wT+rkQ==",
      "requires": {
        "@deckdeckgo/slide-utils": "^1.0.0-rc.1-1"
      }
    },
    "@deckdeckgo/slide-qrcode": {
      "version": "1.0.0-rc.1",
      "resolved": "https://registry.npmjs.org/@deckdeckgo/slide-qrcode/-/slide-qrcode-1.0.0-rc.1.tgz",
      "integrity": "sha512-L3BYzhFl4sHu0mqg6PqbX3/wjKfwcf6LO7xUUcwzTJ/xg18gzvHLgtMX0r58mGv6JHmscImgnFEWdflqe5WSTw==",
      "requires": {
        "@deckdeckgo/slide-utils": "^1.0.0-rc.1-1",
        "@deckdeckgo/utils": "^1.0.0-rc.1"
      }
    },
    "@deckdeckgo/slide-split": {
      "version": "1.0.0-rc.1",
      "resolved": "https://registry.npmjs.org/@deckdeckgo/slide-split/-/slide-split-1.0.0-rc.1.tgz",
      "integrity": "sha512-P2ph6xyhFHOJEfBzr03uFLUwGmgk3Plx0pcu/mKLgjz7A7rjdkOKQ21LHUolra5nQ4HhnNE33gm7lLzUKKUCGA==",
      "requires": {
        "@deckdeckgo/slide-utils": "^1.0.0-rc.1-1"
      }
    },
    "@deckdeckgo/slide-title": {
      "version": "1.0.0-rc.1",
      "resolved": "https://registry.npmjs.org/@deckdeckgo/slide-title/-/slide-title-1.0.0-rc.1.tgz",
      "integrity": "sha512-a0BStWNRWVgyTa5ScUEY+V2lmQU0eSb5FISGVfrAyPjWDBRmb5cxdUKm0xnAvXDSJwZcFZuAPDq9qKaGlNK8bg==",
      "requires": {
        "@deckdeckgo/slide-utils": "^1.0.0-rc.1-1"
      }
    },
    "@deckdeckgo/slide-utils": {
      "version": "1.0.0-rc.1-1",
      "resolved": "https://registry.npmjs.org/@deckdeckgo/slide-utils/-/slide-utils-1.0.0-rc.1-1.tgz",
      "integrity": "sha512-m08pzwZLiLVFAGOw/8HfuFqQWQk6z1wvYA/kCVU3wNrIQNuigygZL2Q8PrF/HqPJxCmoOeIQzOgrIyugeuJ5qA==",
      "requires": {
        "@deckdeckgo/utils": "^1.0.0-rc.1"
      }
    },
    "@deckdeckgo/slide-youtube": {
      "version": "1.0.0-rc.1",
      "resolved": "https://registry.npmjs.org/@deckdeckgo/slide-youtube/-/slide-youtube-1.0.0-rc.1.tgz",
      "integrity": "sha512-IY85mh56AIMmWqp2LAMXWyfmBc6Wa3ulTAg4hVXvjkEIqvHUAiVVUTYsDngAsVqsdDu4v2REOiaSQ4rmKbBOFQ==",
      "requires": {
        "@deckdeckgo/slide-utils": "^1.0.0-rc.1-1",
        "@deckdeckgo/utils": "^1.0.0-rc.1"
      }
    },
    "@deckdeckgo/types": {
      "version": "1.0.0-rc.1",
      "resolved": "https://registry.npmjs.org/@deckdeckgo/types/-/types-1.0.0-rc.1.tgz",
      "integrity": "sha512-MgbjbBuJi3EMRHpxX8V6NA0M+xLe/u+iQkcpNsHOrl0X8JQhKTk4C/gvK477eBQBNntm/pIkdrFV2tv29vQFpw==",
      "dev": true
    },
    "@deckdeckgo/utils": {
      "version": "1.0.0-rc.1",
      "resolved": "https://registry.npmjs.org/@deckdeckgo/utils/-/utils-1.0.0-rc.1.tgz",
      "integrity": "sha512-hqwtqx4bk6yl6oNOlu/oxDiH81gQVTQ2qyU2XrbEWeSX880GTzdQ4EzXpc/dZS17T3DkBN+/h+dOn4YEvbdzPQ=="
    },
    "@hapi/address": {
      "version": "2.0.0",
      "resolved": "https://registry.npmjs.org/@hapi/address/-/address-2.0.0.tgz",
      "integrity": "sha512-mV6T0IYqb0xL1UALPFplXYQmR0twnXG0M6jUswpquqT2sD12BOiCiLy3EvMp/Fy7s3DZElC4/aPjEjo2jeZpvw==",
      "dev": true
    },
    "@hapi/bourne": {
      "version": "1.3.2",
      "resolved": "https://registry.npmjs.org/@hapi/bourne/-/bourne-1.3.2.tgz",
      "integrity": "sha512-1dVNHT76Uu5N3eJNTYcvxee+jzX4Z9lfciqRRHCU27ihbUcYi+iSc2iml5Ke1LXe1SyJCLA0+14Jh4tXJgOppA==",
      "dev": true
    },
    "@hapi/hoek": {
      "version": "8.2.1",
      "resolved": "https://registry.npmjs.org/@hapi/hoek/-/hoek-8.2.1.tgz",
      "integrity": "sha512-JPiBy+oSmsq3St7XlipfN5pNA6bDJ1kpa73PrK/zR29CVClDVqy04AanM/M/qx5bSF+I61DdCfAvRrujau+zRg==",
      "dev": true
    },
    "@hapi/joi": {
      "version": "15.1.1",
      "resolved": "https://registry.npmjs.org/@hapi/joi/-/joi-15.1.1.tgz",
      "integrity": "sha512-entf8ZMOK8sc+8YfeOlM8pCfg3b5+WZIKBfUaaJT8UsjAAPjartzxIYm3TIbjvA4u+u++KbcXD38k682nVHDAQ==",
      "dev": true,
      "requires": {
        "@hapi/address": "2.x.x",
        "@hapi/bourne": "1.x.x",
        "@hapi/hoek": "8.x.x",
        "@hapi/topo": "3.x.x"
      }
    },
    "@hapi/topo": {
      "version": "3.1.3",
      "resolved": "https://registry.npmjs.org/@hapi/topo/-/topo-3.1.3.tgz",
      "integrity": "sha512-JmS9/vQK6dcUYn7wc2YZTqzIKubAQcJKu2KCKAru6es482U5RT5fP1EXCPtlXpiK7PR0On/kpQKI4fRKkzpZBQ==",
      "dev": true,
      "requires": {
        "@hapi/hoek": "8.x.x"
      }
    },
    "@ionic/core": {
      "version": "4.8.1",
      "resolved": "https://registry.npmjs.org/@ionic/core/-/core-4.8.1.tgz",
      "integrity": "sha512-OCTOOIzwUTobA256xHLqguxt/X1tQuYklvIaTxODu81Dziew2sYG54sILDSGmWhTn8henivcPm9eOpOUkaBexg==",
      "requires": {
        "ionicons": "^4.6.3",
        "tslib": "^1.10.0"
      }
    },
    "@stencil/core": {
      "version": "1.3.1",
      "resolved": "https://registry.npmjs.org/@stencil/core/-/core-1.3.1.tgz",
      "integrity": "sha512-fob7fr3IpBulEjF1H4gJU9oGhR+InJdC7pYmNgjlgd9W+WuKKy+L8EmUMXpEIDQqfBNgsGP+nTob3hx2AjNj1Q==",
      "dev": true,
      "requires": {
        "typescript": "3.5.3"
      }
    },
    "@stencil/postcss": {
      "version": "1.0.1",
      "resolved": "https://registry.npmjs.org/@stencil/postcss/-/postcss-1.0.1.tgz",
      "integrity": "sha512-+QOLwdiMSeE6XbvjOM8bfMIX6E6L4DFLmnp0wZqCj4O/PVkNfEQA6IXZgd6F+OIfZ1wBy/dxR4Jvtwfo+QXa2g==",
      "dev": true,
      "requires": {
        "postcss": "~7.0.17"
      }
    },
    "@stencil/sass": {
      "version": "1.0.1",
      "resolved": "https://registry.npmjs.org/@stencil/sass/-/sass-1.0.1.tgz",
      "integrity": "sha512-3vmF8zir9FcVY/tYW0/V/pWrYSU684eASmALL2v29PGJvX6/CXh9n8LF7Jy95SpJPij3lisIUXLls7edXy2hYg==",
      "dev": true
    },
    "@types/events": {
      "version": "3.0.0",
      "resolved": "https://registry.npmjs.org/@types/events/-/events-3.0.0.tgz",
      "integrity": "sha512-EaObqwIvayI5a8dCzhFrjKzVwKLxjoG9T6Ppd5CEo07LRKfQ8Yokw54r5+Wq7FaBQ+yXRvQAYPrHwya1/UFt9g==",
      "dev": true
    },
    "@types/glob": {
      "version": "7.1.1",
      "resolved": "https://registry.npmjs.org/@types/glob/-/glob-7.1.1.tgz",
      "integrity": "sha512-1Bh06cbWJUHMC97acuD6UMG29nMt0Aqz1vF3guLfG+kHHJhy3AyohZFFxYk2f7Q1SQIrNwvncxAE0N/9s70F2w==",
      "dev": true,
      "requires": {
        "@types/events": "*",
        "@types/minimatch": "*",
        "@types/node": "*"
      }
    },
    "@types/marked": {
      "version": "0.6.5",
      "resolved": "https://registry.npmjs.org/@types/marked/-/marked-0.6.5.tgz",
      "integrity": "sha512-6kBKf64aVfx93UJrcyEZ+OBM5nGv4RLsI6sR1Ar34bpgvGVRoyTgpxn4ZmtxOM5aDTAaaznYuYUH8bUX3Nk3YA==",
      "dev": true
    },
    "@types/minimatch": {
      "version": "3.0.3",
      "resolved": "https://registry.npmjs.org/@types/minimatch/-/minimatch-3.0.3.tgz",
      "integrity": "sha512-tHq6qdbT9U1IRSGf14CL0pUlULksvY9OZ+5eEgl1N7t+OA3tGvNpxJCzuKQlsNgCVwbAs670L1vcVQi8j9HjnA==",
      "dev": true
    },
    "@types/node": {
      "version": "12.7.3",
      "resolved": "https://registry.npmjs.org/@types/node/-/node-12.7.3.tgz",
      "integrity": "sha512-3SiLAIBkDWDg6vFo0+5YJyHPWU9uwu40Qe+v+0MH8wRKYBimHvvAOyk3EzMrD/TrIlLYfXrqDqrg913PynrMJQ==",
      "dev": true
    },
    "ansi-styles": {
      "version": "3.2.1",
      "resolved": "https://registry.npmjs.org/ansi-styles/-/ansi-styles-3.2.1.tgz",
      "integrity": "sha512-VT0ZI6kZRdTh8YyJw3SMbYm/u+NqfsAxEpWO0Pf9sq8/e94WxxOpPKx9FR1FlyCtOVDNOQ+8ntlqFxiRc+r5qA==",
      "dev": true,
      "requires": {
        "color-convert": "^1.9.0"
      }
    },
    "autoprefixer": {
      "version": "9.6.1",
      "resolved": "https://registry.npmjs.org/autoprefixer/-/autoprefixer-9.6.1.tgz",
      "integrity": "sha512-aVo5WxR3VyvyJxcJC3h4FKfwCQvQWb1tSI5VHNibddCVWrcD1NvlxEweg3TSgiPztMnWfjpy2FURKA2kvDE+Tw==",
      "dev": true,
      "requires": {
        "browserslist": "^4.6.3",
        "caniuse-lite": "^1.0.30000980",
        "chalk": "^2.4.2",
        "normalize-range": "^0.1.2",
        "num2fraction": "^1.2.2",
        "postcss": "^7.0.17",
        "postcss-value-parser": "^4.0.0"
      }
    },
    "babel-extract-comments": {
      "version": "1.0.0",
      "resolved": "https://registry.npmjs.org/babel-extract-comments/-/babel-extract-comments-1.0.0.tgz",
      "integrity": "sha512-qWWzi4TlddohA91bFwgt6zO/J0X+io7Qp184Fw0m2JYRSTZnJbFR8+07KmzudHCZgOiKRCrjhylwv9Xd8gfhVQ==",
      "dev": true,
      "requires": {
        "babylon": "^6.18.0"
      }
    },
    "babel-plugin-syntax-object-rest-spread": {
      "version": "6.13.0",
      "resolved": "https://registry.npmjs.org/babel-plugin-syntax-object-rest-spread/-/babel-plugin-syntax-object-rest-spread-6.13.0.tgz",
      "integrity": "sha1-/WU28rzhODb/o6VFjEkDpZe7O/U=",
      "dev": true
    },
    "babel-plugin-transform-object-rest-spread": {
      "version": "6.26.0",
      "resolved": "https://registry.npmjs.org/babel-plugin-transform-object-rest-spread/-/babel-plugin-transform-object-rest-spread-6.26.0.tgz",
      "integrity": "sha1-DzZpLVD+9rfi1LOsFHgTepY7ewY=",
      "dev": true,
      "requires": {
        "babel-plugin-syntax-object-rest-spread": "^6.8.0",
        "babel-runtime": "^6.26.0"
      }
    },
    "babel-runtime": {
      "version": "6.26.0",
      "resolved": "https://registry.npmjs.org/babel-runtime/-/babel-runtime-6.26.0.tgz",
      "integrity": "sha1-llxwWGaOgrVde/4E/yM3vItWR/4=",
      "dev": true,
      "requires": {
        "core-js": "^2.4.0",
        "regenerator-runtime": "^0.11.0"
      },
      "dependencies": {
        "regenerator-runtime": {
          "version": "0.11.1",
          "resolved": "https://registry.npmjs.org/regenerator-runtime/-/regenerator-runtime-0.11.1.tgz",
          "integrity": "sha512-MguG95oij0fC3QV3URf4V2SDYGJhJnJGqvIIgdECeODCT98wSWDAJ94SSuVpYQUoTcGUIL6L4yNB7j1DFFHSBg==",
          "dev": true
        }
      }
    },
    "babylon": {
      "version": "6.18.0",
      "resolved": "https://registry.npmjs.org/babylon/-/babylon-6.18.0.tgz",
      "integrity": "sha512-q/UEjfGJ2Cm3oKV71DJz9d25TPnq5rhBVL2Q4fA5wcC3jcrdn7+SssEybFIxwAvvP+YCsCYNKughoF33GxgycQ==",
      "dev": true
    },
    "balanced-match": {
      "version": "1.0.0",
      "resolved": "https://registry.npmjs.org/balanced-match/-/balanced-match-1.0.0.tgz",
      "integrity": "sha1-ibTRmasr7kneFk6gK4nORi1xt2c=",
      "dev": true
    },
    "brace-expansion": {
      "version": "1.1.11",
      "resolved": "https://registry.npmjs.org/brace-expansion/-/brace-expansion-1.1.11.tgz",
      "integrity": "sha512-iCuPHDFgrHX7H2vEI/5xpz07zSHB00TpugqhmYtVmMO6518mCuRMoOYFldEBl0g187ufozdaHgWKcYFb61qGiA==",
      "dev": true,
      "requires": {
        "balanced-match": "^1.0.0",
        "concat-map": "0.0.1"
      }
    },
    "browserslist": {
      "version": "4.7.0",
      "resolved": "https://registry.npmjs.org/browserslist/-/browserslist-4.7.0.tgz",
      "integrity": "sha512-9rGNDtnj+HaahxiVV38Gn8n8Lr8REKsel68v1sPFfIGEK6uSXTY3h9acgiT1dZVtOOUtifo/Dn8daDQ5dUgVsA==",
      "dev": true,
      "requires": {
        "caniuse-lite": "^1.0.30000989",
        "electron-to-chromium": "^1.3.247",
        "node-releases": "^1.1.29"
      }
    },
    "caniuse-lite": {
      "version": "1.0.30000989",
      "resolved": "https://registry.npmjs.org/caniuse-lite/-/caniuse-lite-1.0.30000989.tgz",
      "integrity": "sha512-vrMcvSuMz16YY6GSVZ0dWDTJP8jqk3iFQ/Aq5iqblPwxSVVZI+zxDyTX0VPqtQsDnfdrBDcsmhgTEOh5R8Lbpw==",
      "dev": true
    },
    "chalk": {
      "version": "2.4.2",
      "resolved": "https://registry.npmjs.org/chalk/-/chalk-2.4.2.tgz",
      "integrity": "sha512-Mti+f9lpJNcwF4tWV8/OrTTtF1gZi+f8FqlyAdouralcFWFQWF2+NgCHShjkCb+IFBLq9buZwE1xckQU4peSuQ==",
      "dev": true,
      "requires": {
        "ansi-styles": "^3.2.1",
        "escape-string-regexp": "^1.0.5",
        "supports-color": "^5.3.0"
      },
      "dependencies": {
        "supports-color": {
          "version": "5.5.0",
          "resolved": "https://registry.npmjs.org/supports-color/-/supports-color-5.5.0.tgz",
          "integrity": "sha512-QjVjwdXIt408MIiAqCX4oUKsgU2EqAGzs2Ppkm4aQYbjm+ZEWEcW4SfFNTr4uMNZma0ey4f5lgLrkB0aX0QMow==",
          "dev": true,
          "requires": {
            "has-flag": "^3.0.0"
          }
        }
      }
    },
    "clipboard": {
      "version": "2.0.4",
      "resolved": "https://registry.npmjs.org/clipboard/-/clipboard-2.0.4.tgz",
      "integrity": "sha512-Vw26VSLRpJfBofiVaFb/I8PVfdI1OxKcYShe6fm0sP/DtmiWQNCjhM/okTvdCo0G+lMMm1rMYbk4IK4x1X+kgQ==",
      "optional": true,
      "requires": {
        "good-listener": "^1.2.2",
        "select": "^1.1.2",
        "tiny-emitter": "^2.0.0"
      }
    },
    "color-convert": {
      "version": "1.9.3",
      "resolved": "https://registry.npmjs.org/color-convert/-/color-convert-1.9.3.tgz",
      "integrity": "sha512-QfAUtd+vFdAtFQcC8CCyYt1fYWxSqAiK2cSD6zDB8N3cpsEBAvRxp9zOGg6G/SHHJYAT88/az/IuDGALsNVbGg==",
      "dev": true,
      "requires": {
        "color-name": "1.1.3"
      }
    },
    "color-name": {
      "version": "1.1.3",
      "resolved": "https://registry.npmjs.org/color-name/-/color-name-1.1.3.tgz",
      "integrity": "sha1-p9BVi9icQveV3UIyj3QIMcpTvCU=",
      "dev": true
    },
    "common-tags": {
      "version": "1.8.0",
      "resolved": "https://registry.npmjs.org/common-tags/-/common-tags-1.8.0.tgz",
      "integrity": "sha512-6P6g0uetGpW/sdyUy/iQQCbFF0kWVMSIVSyYz7Zgjcgh8mgw8PQzDNZeyZ5DQ2gM7LBoZPHmnjz8rUthkBG5tw==",
      "dev": true
    },
    "concat-map": {
      "version": "0.0.1",
      "resolved": "https://registry.npmjs.org/concat-map/-/concat-map-0.0.1.tgz",
      "integrity": "sha1-2Klr13/Wjfd5OnMDajug1UBdR3s=",
      "dev": true
    },
    "core-js": {
      "version": "2.6.9",
      "resolved": "https://registry.npmjs.org/core-js/-/core-js-2.6.9.tgz",
      "integrity": "sha512-HOpZf6eXmnl7la+cUdMnLvUxKNqLUzJvgIziQ0DiF3JwSImNphIqdGqzj6hIKyX04MmV0poclQ7+wjWvxQyR2A==",
      "dev": true
    },
    "d3-array": {
      "version": "2.3.1",
      "resolved": "https://registry.npmjs.org/d3-array/-/d3-array-2.3.1.tgz",
      "integrity": "sha512-YlOh8kwqIz0pDECEdCeqVNelaLQXznD0g6yidhhklMgKxKqbNDrYfoudLMkk9THlqvFll+pXMmXYAyN49yWsmg=="
    },
    "d3-axis": {
      "version": "1.0.12",
      "resolved": "https://registry.npmjs.org/d3-axis/-/d3-axis-1.0.12.tgz",
      "integrity": "sha512-ejINPfPSNdGFKEOAtnBtdkpr24c4d4jsei6Lg98mxf424ivoDP2956/5HDpIAtmHo85lqT4pruy+zEgvRUBqaQ=="
    },
    "d3-color": {
      "version": "1.3.0",
      "resolved": "https://registry.npmjs.org/d3-color/-/d3-color-1.3.0.tgz",
      "integrity": "sha512-NHODMBlj59xPAwl2BDiO2Mog6V+PrGRtBfWKqKRrs9MCqlSkIEb0Z/SfY7jW29ReHTDC/j+vwXhnZcXI3+3fbg=="
    },
    "d3-dispatch": {
      "version": "1.0.5",
      "resolved": "https://registry.npmjs.org/d3-dispatch/-/d3-dispatch-1.0.5.tgz",
      "integrity": "sha512-vwKx+lAqB1UuCeklr6Jh1bvC4SZgbSqbkGBLClItFBIYH4vqDJCA7qfoy14lXmJdnBOdxndAMxjCbImJYW7e6g=="
    },
    "d3-ease": {
      "version": "1.0.5",
      "resolved": "https://registry.npmjs.org/d3-ease/-/d3-ease-1.0.5.tgz",
      "integrity": "sha512-Ct1O//ly5y5lFM9YTdu+ygq7LleSgSE4oj7vUt9tPLHUi8VCV7QoizGpdWRWAwCO9LdYzIrQDg97+hGVdsSGPQ=="
    },
    "d3-format": {
      "version": "1.3.2",
      "resolved": "https://registry.npmjs.org/d3-format/-/d3-format-1.3.2.tgz",
      "integrity": "sha512-Z18Dprj96ExragQ0DeGi+SYPQ7pPfRMtUXtsg/ChVIKNBCzjO8XYJvRTC1usblx52lqge56V5ect+frYTQc8WQ=="
    },
    "d3-interpolate": {
      "version": "1.3.2",
      "resolved": "https://registry.npmjs.org/d3-interpolate/-/d3-interpolate-1.3.2.tgz",
      "integrity": "sha512-NlNKGopqaz9qM1PXh9gBF1KSCVh+jSFErrSlD/4hybwoNX/gt1d8CDbDW+3i+5UOHhjC6s6nMvRxcuoMVNgL2w==",
      "requires": {
        "d3-color": "1"
      }
    },
    "d3-path": {
      "version": "1.0.8",
      "resolved": "https://registry.npmjs.org/d3-path/-/d3-path-1.0.8.tgz",
      "integrity": "sha512-J6EfUNwcMQ+aM5YPOB8ZbgAZu6wc82f/0WFxrxwV6Ll8wBwLaHLKCqQ5Imub02JriCVVdPjgI+6P3a4EWJCxAg=="
    },
    "d3-scale": {
      "version": "3.0.1",
      "resolved": "https://registry.npmjs.org/d3-scale/-/d3-scale-3.0.1.tgz",
      "integrity": "sha512-f+OsXyd0claf6ufjI52zBHyOnm6mmfFvYiGUU8UB2VumZpqCcxds5iWN1rcOACIHgw9MntTFLXmi4LBRmY4DwQ==",
      "requires": {
        "d3-array": "1.2.0 - 2",
        "d3-format": "1",
        "d3-interpolate": "1",
        "d3-time": "1",
        "d3-time-format": "2"
      }
    },
    "d3-scale-chromatic": {
      "version": "1.5.0",
      "resolved": "https://registry.npmjs.org/d3-scale-chromatic/-/d3-scale-chromatic-1.5.0.tgz",
      "integrity": "sha512-ACcL46DYImpRFMBcpk9HhtIyC7bTBR4fNOPxwVSl0LfulDAwyiHyPOTqcDG1+t5d4P9W7t/2NAuWu59aKko/cg==",
      "requires": {
        "d3-color": "1",
        "d3-interpolate": "1"
      }
    },
    "d3-selection": {
      "version": "1.4.0",
      "resolved": "https://registry.npmjs.org/d3-selection/-/d3-selection-1.4.0.tgz",
      "integrity": "sha512-EYVwBxQGEjLCKF2pJ4+yrErskDnz5v403qvAid96cNdCMr8rmCYfY5RGzWz24mdIbxmDf6/4EAH+K9xperD5jg=="
    },
    "d3-shape": {
      "version": "1.3.5",
      "resolved": "https://registry.npmjs.org/d3-shape/-/d3-shape-1.3.5.tgz",
      "integrity": "sha512-VKazVR3phgD+MUCldapHD7P9kcrvPcexeX/PkMJmkUov4JM8IxsSg1DvbYoYich9AtdTsa5nNk2++ImPiDiSxg==",
      "requires": {
        "d3-path": "1"
      }
    },
    "d3-time": {
      "version": "1.0.11",
      "resolved": "https://registry.npmjs.org/d3-time/-/d3-time-1.0.11.tgz",
      "integrity": "sha512-Z3wpvhPLW4vEScGeIMUckDW7+3hWKOQfAWg/U7PlWBnQmeKQ00gCUsTtWSYulrKNA7ta8hJ+xXc6MHrMuITwEw=="
    },
    "d3-time-format": {
      "version": "2.1.3",
      "resolved": "https://registry.npmjs.org/d3-time-format/-/d3-time-format-2.1.3.tgz",
      "integrity": "sha512-6k0a2rZryzGm5Ihx+aFMuO1GgelgIz+7HhB4PH4OEndD5q2zGn1mDfRdNrulspOfR6JXkb2sThhDK41CSK85QA==",
      "requires": {
        "d3-time": "1"
      }
    },
    "d3-timer": {
      "version": "1.0.9",
      "resolved": "https://registry.npmjs.org/d3-timer/-/d3-timer-1.0.9.tgz",
      "integrity": "sha512-rT34J5HnQUHhcLvhSB9GjCkN0Ddd5Y8nCwDBG2u6wQEeYxT/Lf51fTFFkldeib/sE/J0clIe0pnCfs6g/lRbyg=="
    },
    "d3-transition": {
      "version": "1.2.0",
      "resolved": "https://registry.npmjs.org/d3-transition/-/d3-transition-1.2.0.tgz",
      "integrity": "sha512-VJ7cmX/FPIPJYuaL2r1o1EMHLttvoIuZhhuAlRoOxDzogV8iQS6jYulDm3xEU3TqL80IZIhI551/ebmCMrkvhw==",
      "requires": {
        "d3-color": "1",
        "d3-dispatch": "1",
        "d3-ease": "1",
        "d3-interpolate": "1",
        "d3-selection": "^1.1.0",
        "d3-timer": "1"
      }
    },
    "date-fns": {
      "version": "2.0.1",
      "resolved": "https://registry.npmjs.org/date-fns/-/date-fns-2.0.1.tgz",
      "integrity": "sha512-C14oTzTZy8DH1Eq8N78owrCWvf3+cnJw88BTK/N3DYWVxDJuJzPaNdplzYxDYuuXXGvqBcO4Vy5SOrwAooXSWw=="
    },
    "delegate": {
      "version": "3.2.0",
      "resolved": "https://registry.npmjs.org/delegate/-/delegate-3.2.0.tgz",
      "integrity": "sha512-IofjkYBZaZivn0V8nnsMJGBr4jVLxHDheKSW88PyxS5QC4Vo9ZbZVvhzlSxY87fVq3STR6r+4cGepyHkcWOQSw==",
      "optional": true
    },
    "electron-to-chromium": {
      "version": "1.3.248",
      "resolved": "https://registry.npmjs.org/electron-to-chromium/-/electron-to-chromium-1.3.248.tgz",
      "integrity": "sha512-+hQe6xqpODLw9Nr80KoT0/S+YarjNbI9wgZchkOopJLBLPgAsniK184P0IGVs/0NsoZf4lBnQhOsjen9a47Hrg==",
      "dev": true
    },
    "escape-string-regexp": {
      "version": "1.0.5",
      "resolved": "https://registry.npmjs.org/escape-string-regexp/-/escape-string-regexp-1.0.5.tgz",
      "integrity": "sha1-G2HAViGQqN/2rjuyzwIAyhMLhtQ=",
      "dev": true
    },
    "fs-extra": {
      "version": "4.0.3",
      "resolved": "https://registry.npmjs.org/fs-extra/-/fs-extra-4.0.3.tgz",
      "integrity": "sha512-q6rbdDd1o2mAnQreO7YADIxf/Whx4AHBiRf6d+/cVT8h44ss+lHgxf1FemcqDnQt9X3ct4McHr+JMGlYSsK7Cg==",
      "dev": true,
      "requires": {
        "graceful-fs": "^4.1.2",
        "jsonfile": "^4.0.0",
        "universalify": "^0.1.0"
      }
    },
    "fs.realpath": {
      "version": "1.0.0",
      "resolved": "https://registry.npmjs.org/fs.realpath/-/fs.realpath-1.0.0.tgz",
      "integrity": "sha1-FQStJSMVjKpA20onh8sBQRmU6k8=",
      "dev": true
    },
    "get-own-enumerable-property-symbols": {
      "version": "3.0.0",
      "resolved": "https://registry.npmjs.org/get-own-enumerable-property-symbols/-/get-own-enumerable-property-symbols-3.0.0.tgz",
      "integrity": "sha512-CIJYJC4GGF06TakLg8z4GQKvDsx9EMspVxOYih7LerEL/WosUnFIww45CGfxfeKHqlg3twgUrYRT1O3WQqjGCg==",
      "dev": true
    },
    "glob": {
      "version": "7.1.4",
      "resolved": "https://registry.npmjs.org/glob/-/glob-7.1.4.tgz",
      "integrity": "sha512-hkLPepehmnKk41pUGm3sYxoFs/umurYfYJCerbXEyFIWcAzvpipAgVkBqqT9RBKMGjnq6kMuyYwha6csxbiM1A==",
      "dev": true,
      "requires": {
        "fs.realpath": "^1.0.0",
        "inflight": "^1.0.4",
        "inherits": "2",
        "minimatch": "^3.0.4",
        "once": "^1.3.0",
        "path-is-absolute": "^1.0.0"
      }
    },
    "good-listener": {
      "version": "1.2.2",
      "resolved": "https://registry.npmjs.org/good-listener/-/good-listener-1.2.2.tgz",
      "integrity": "sha1-1TswzfkxPf+33JoNR3CWqm0UXFA=",
      "optional": true,
      "requires": {
        "delegate": "^3.1.2"
      }
    },
    "graceful-fs": {
      "version": "4.2.2",
      "resolved": "https://registry.npmjs.org/graceful-fs/-/graceful-fs-4.2.2.tgz",
      "integrity": "sha512-IItsdsea19BoLC7ELy13q1iJFNmd7ofZH5+X/pJr90/nRoPEX0DJo1dHDbgtYWOhJhcCgMDTOw84RZ72q6lB+Q==",
      "dev": true
    },
    "has-flag": {
      "version": "3.0.0",
      "resolved": "https://registry.npmjs.org/has-flag/-/has-flag-3.0.0.tgz",
      "integrity": "sha1-tdRU3CGZriJWmfNGfloH87lVuv0=",
      "dev": true
    },
    "inflight": {
      "version": "1.0.6",
      "resolved": "https://registry.npmjs.org/inflight/-/inflight-1.0.6.tgz",
      "integrity": "sha1-Sb1jMdfQLQwJvJEKEHW6gWW1bfk=",
      "dev": true,
      "requires": {
        "once": "^1.3.0",
        "wrappy": "1"
      }
    },
    "inherits": {
      "version": "2.0.4",
      "resolved": "https://registry.npmjs.org/inherits/-/inherits-2.0.4.tgz",
      "integrity": "sha512-k/vGaX4/Yla3WzyMCvTQOXYeIHvqOKtnqBduzTHpzpQZzAskKMhZ2K+EnBiSM9zGSoIFeMpXKxa4dYeZIQqewQ==",
      "dev": true
    },
    "ionicons": {
      "version": "4.6.3",
      "resolved": "https://registry.npmjs.org/ionicons/-/ionicons-4.6.3.tgz",
      "integrity": "sha512-cgP+VIr2cTJpMfFyVHTerq6n2jeoiGboVoe3GlaAo5zoSBDAEXORwUZhv6m+lCyxlsHCS3nqPUE+MKyZU71t8Q=="
    },
    "is-obj": {
      "version": "1.0.1",
      "resolved": "https://registry.npmjs.org/is-obj/-/is-obj-1.0.1.tgz",
      "integrity": "sha1-PkcprB9f3gJc19g6iW2rn09n2w8=",
      "dev": true
    },
    "is-regexp": {
      "version": "1.0.0",
      "resolved": "https://registry.npmjs.org/is-regexp/-/is-regexp-1.0.0.tgz",
      "integrity": "sha1-/S2INUXEa6xaYz57mgnof6LLUGk=",
      "dev": true
    },
    "jsonfile": {
      "version": "4.0.0",
      "resolved": "https://registry.npmjs.org/jsonfile/-/jsonfile-4.0.0.tgz",
      "integrity": "sha1-h3Gq4HmbZAdrdmQPygWPnBDjPss=",
      "dev": true,
      "requires": {
        "graceful-fs": "^4.1.6"
      }
    },
    "lodash._reinterpolate": {
      "version": "3.0.0",
      "resolved": "https://registry.npmjs.org/lodash._reinterpolate/-/lodash._reinterpolate-3.0.0.tgz",
      "integrity": "sha1-DM8tiRZq8Ds2Y8eWU4t1rG4RTZ0=",
      "dev": true
    },
    "lodash.template": {
      "version": "4.5.0",
      "resolved": "https://registry.npmjs.org/lodash.template/-/lodash.template-4.5.0.tgz",
      "integrity": "sha512-84vYFxIkmidUiFxidA/KjjH9pAycqW+h980j7Fuz5qxRtO9pgB7MDFTdys1N7A5mcucRiDyEq4fusljItR1T/A==",
      "dev": true,
      "requires": {
        "lodash._reinterpolate": "^3.0.0",
        "lodash.templatesettings": "^4.0.0"
      }
    },
    "lodash.templatesettings": {
      "version": "4.2.0",
      "resolved": "https://registry.npmjs.org/lodash.templatesettings/-/lodash.templatesettings-4.2.0.tgz",
      "integrity": "sha512-stgLz+i3Aa9mZgnjr/O+v9ruKZsPsndy7qPZOchbqk2cnTU1ZaldKK+v7m54WoKIyxiuMZTKT2H81F8BeAc3ZQ==",
      "dev": true,
      "requires": {
        "lodash._reinterpolate": "^3.0.0"
      }
    },
    "marked": {
      "version": "0.7.0",
      "resolved": "https://registry.npmjs.org/marked/-/marked-0.7.0.tgz",
      "integrity": "sha512-c+yYdCZJQrsRjTPhUx7VKkApw9bwDkNbHUKo1ovgcfDjb2kc8rLuRbIFyXL5WOEUwzSSKo3IXpph2K6DqB/KZg==",
      "dev": true
    },
    "minimatch": {
      "version": "3.0.4",
      "resolved": "https://registry.npmjs.org/minimatch/-/minimatch-3.0.4.tgz",
      "integrity": "sha512-yJHVQEhyqPLUTgt9B83PXu6W3rx4MvvHvSUvToogpwoGDOUQ+yDrR0HRot+yOCdCO7u4hX3pWft6kWBBcqh0UA==",
      "dev": true,
      "requires": {
        "brace-expansion": "^1.1.7"
      }
    },
    "node-releases": {
      "version": "1.1.29",
      "resolved": "https://registry.npmjs.org/node-releases/-/node-releases-1.1.29.tgz",
      "integrity": "sha512-R5bDhzh6I+tpi/9i2hrrvGJ3yKPYzlVOORDkXhnZuwi5D3q1I5w4vYy24PJXTcLk9Q0kws9TO77T75bcK8/ysQ==",
      "dev": true,
      "requires": {
        "semver": "^5.3.0"
      }
    },
    "normalize-range": {
      "version": "0.1.2",
      "resolved": "https://registry.npmjs.org/normalize-range/-/normalize-range-0.1.2.tgz",
      "integrity": "sha1-LRDAa9/TEuqXd2laTShDlFa3WUI=",
      "dev": true
    },
    "num2fraction": {
      "version": "1.2.2",
      "resolved": "https://registry.npmjs.org/num2fraction/-/num2fraction-1.2.2.tgz",
      "integrity": "sha1-b2gragJ6Tp3fpFZM0lidHU5mnt4=",
      "dev": true
    },
    "once": {
      "version": "1.4.0",
      "resolved": "https://registry.npmjs.org/once/-/once-1.4.0.tgz",
      "integrity": "sha1-WDsap3WWHUsROsF9nFC6753Xa9E=",
      "dev": true,
      "requires": {
        "wrappy": "1"
      }
    },
    "path-is-absolute": {
      "version": "1.0.1",
      "resolved": "https://registry.npmjs.org/path-is-absolute/-/path-is-absolute-1.0.1.tgz",
      "integrity": "sha1-F0uSaHNVNP+8es5r9TpanhtcX18=",
      "dev": true
    },
    "postcss": {
      "version": "7.0.17",
      "resolved": "https://registry.npmjs.org/postcss/-/postcss-7.0.17.tgz",
      "integrity": "sha512-546ZowA+KZ3OasvQZHsbuEpysvwTZNGJv9EfyCQdsIDltPSWHAeTQ5fQy/Npi2ZDtLI3zs7Ps/p6wThErhm9fQ==",
      "dev": true,
      "requires": {
        "chalk": "^2.4.2",
        "source-map": "^0.6.1",
        "supports-color": "^6.1.0"
      }
    },
    "postcss-value-parser": {
      "version": "4.0.2",
      "resolved": "https://registry.npmjs.org/postcss-value-parser/-/postcss-value-parser-4.0.2.tgz",
      "integrity": "sha512-LmeoohTpp/K4UiyQCwuGWlONxXamGzCMtFxLq4W1nZVGIQLYvMCJx3yAF9qyyuFpflABI9yVdtJAqbihOsCsJQ==",
      "dev": true
    },
    "pretty-bytes": {
      "version": "5.3.0",
      "resolved": "https://registry.npmjs.org/pretty-bytes/-/pretty-bytes-5.3.0.tgz",
      "integrity": "sha512-hjGrh+P926p4R4WbaB6OckyRtO0F0/lQBiT+0gnxjV+5kjPBrfVBFCsCLbMqVQeydvIoouYTCmmEURiH3R1Bdg==",
      "dev": true
    },
    "prismjs": {
      "version": "1.17.1",
      "resolved": "https://registry.npmjs.org/prismjs/-/prismjs-1.17.1.tgz",
      "integrity": "sha512-PrEDJAFdUGbOP6xK/UsfkC5ghJsPJviKgnQOoxaDbBjwc8op68Quupwt1DeAFoG8GImPhiKXAvvsH7wDSLsu1Q==",
      "requires": {
        "clipboard": "^2.0.0"
      }
    },
    "regenerator-runtime": {
      "version": "0.13.3",
      "resolved": "https://registry.npmjs.org/regenerator-runtime/-/regenerator-runtime-0.13.3.tgz",
      "integrity": "sha512-naKIZz2GQ8JWh///G7L3X6LaQUAMp2lvb1rvwwsURe/VXwD6VMfr+/1NuNw3ag8v2kY1aQ/go5SNn79O9JU7yw==",
      "dev": true
    },
    "rxjs": {
      "version": "6.5.2",
      "resolved": "https://registry.npmjs.org/rxjs/-/rxjs-6.5.2.tgz",
      "integrity": "sha512-HUb7j3kvb7p7eCUHE3FqjoDsC1xfZQ4AHFWfTKSpZ+sAhhz5X1WX0ZuUqWbzB2QhSLp3DoLUG+hMdEDKqWo2Zg==",
      "requires": {
        "tslib": "^1.9.0"
      }
    },
    "select": {
      "version": "1.1.2",
      "resolved": "https://registry.npmjs.org/select/-/select-1.1.2.tgz",
      "integrity": "sha1-DnNQrN7ICxEIUoeG7B1EGNEbOW0=",
      "optional": true
    },
    "semver": {
      "version": "5.7.1",
      "resolved": "https://registry.npmjs.org/semver/-/semver-5.7.1.tgz",
      "integrity": "sha512-sauaDf/PZdVgrLTNYHRtpXa1iRiKcaebiKQ1BJdpQlWH2lCvexQdX55snPFyK7QzpudqbCI0qXFfOasHdyNDGQ==",
      "dev": true
    },
    "source-map": {
      "version": "0.6.1",
      "resolved": "https://registry.npmjs.org/source-map/-/source-map-0.6.1.tgz",
      "integrity": "sha512-UjgapumWlbMhkBgzT7Ykc5YXUT46F0iKu8SGXq0bcwP5dz/h0Plj6enJqjz1Zbq2l5WaqYnrVbwWOWMyF3F47g==",
      "dev": true
    },
    "stringify-object": {
      "version": "3.3.0",
      "resolved": "https://registry.npmjs.org/stringify-object/-/stringify-object-3.3.0.tgz",
      "integrity": "sha512-rHqiFh1elqCQ9WPLIC8I0Q/g/wj5J1eMkyoiD6eoQApWHP0FtlK7rqnhmabL5VUY9JQCcqwwvlOaSuutekgyrw==",
      "dev": true,
      "requires": {
        "get-own-enumerable-property-symbols": "^3.0.0",
        "is-obj": "^1.0.1",
        "is-regexp": "^1.0.0"
      }
    },
    "strip-comments": {
      "version": "1.0.2",
      "resolved": "https://registry.npmjs.org/strip-comments/-/strip-comments-1.0.2.tgz",
      "integrity": "sha512-kL97alc47hoyIQSV165tTt9rG5dn4w1dNnBhOQ3bOU1Nc1hel09jnXANaHJ7vzHLd4Ju8kseDGzlev96pghLFw==",
      "dev": true,
      "requires": {
        "babel-extract-comments": "^1.0.0",
        "babel-plugin-transform-object-rest-spread": "^6.26.0"
      }
    },
    "supports-color": {
      "version": "6.1.0",
      "resolved": "https://registry.npmjs.org/supports-color/-/supports-color-6.1.0.tgz",
      "integrity": "sha512-qe1jfm1Mg7Nq/NSh6XE24gPXROEVsWHxC1LIx//XNlD9iw7YZQGjZNjYN7xGaEG6iKdA8EtNFW6R0gjnVXp+wQ==",
      "dev": true,
      "requires": {
        "has-flag": "^3.0.0"
      }
    },
    "tiny-emitter": {
      "version": "2.1.0",
      "resolved": "https://registry.npmjs.org/tiny-emitter/-/tiny-emitter-2.1.0.tgz",
      "integrity": "sha512-NB6Dk1A9xgQPMoGqC5CVXn123gWyte215ONT5Pp5a0yt4nlEoO1ZWeCwpncaekPHXO60i47ihFnZPiRPjRMq4Q==",
      "optional": true
    },
    "tslib": {
      "version": "1.10.0",
      "resolved": "https://registry.npmjs.org/tslib/-/tslib-1.10.0.tgz",
      "integrity": "sha512-qOebF53frne81cf0S9B41ByenJ3/IuH8yJKngAX35CmiZySA0khhkovshKK+jGCaMnVomla7gVlIcc3EvKPbTQ=="
    },
    "typescript": {
      "version": "3.5.3",
      "resolved": "https://registry.npmjs.org/typescript/-/typescript-3.5.3.tgz",
      "integrity": "sha512-ACzBtm/PhXBDId6a6sDJfroT2pOWt/oOnk4/dElG5G33ZL776N3Y6/6bKZJBFpd+b05F3Ct9qDjMeJmRWtE2/g==",
      "dev": true
    },
    "universalify": {
      "version": "0.1.2",
      "resolved": "https://registry.npmjs.org/universalify/-/universalify-0.1.2.tgz",
      "integrity": "sha512-rBJeI5CXAlmy1pV+617WB9J63U6XcazHHF2f2dbJix4XzpUF0RS3Zbj0FGIOCAva5P/d/GBOYaACQ1w+0azUkg==",
      "dev": true
    },
    "workbox-background-sync": {
      "version": "4.3.1",
      "resolved": "https://registry.npmjs.org/workbox-background-sync/-/workbox-background-sync-4.3.1.tgz",
      "integrity": "sha512-1uFkvU8JXi7L7fCHVBEEnc3asPpiAL33kO495UMcD5+arew9IbKW2rV5lpzhoWcm/qhGB89YfO4PmB/0hQwPRg==",
      "dev": true,
      "requires": {
        "workbox-core": "^4.3.1"
      }
    },
    "workbox-broadcast-update": {
      "version": "4.3.1",
      "resolved": "https://registry.npmjs.org/workbox-broadcast-update/-/workbox-broadcast-update-4.3.1.tgz",
      "integrity": "sha512-MTSfgzIljpKLTBPROo4IpKjESD86pPFlZwlvVG32Kb70hW+aob4Jxpblud8EhNb1/L5m43DUM4q7C+W6eQMMbA==",
      "dev": true,
      "requires": {
        "workbox-core": "^4.3.1"
      }
    },
    "workbox-build": {
      "version": "4.3.1",
      "resolved": "https://registry.npmjs.org/workbox-build/-/workbox-build-4.3.1.tgz",
      "integrity": "sha512-UHdwrN3FrDvicM3AqJS/J07X0KXj67R8Cg0waq1MKEOqzo89ap6zh6LmaLnRAjpB+bDIz+7OlPye9iii9KBnxw==",
      "dev": true,
      "requires": {
        "@babel/runtime": "^7.3.4",
        "@hapi/joi": "^15.0.0",
        "common-tags": "^1.8.0",
        "fs-extra": "^4.0.2",
        "glob": "^7.1.3",
        "lodash.template": "^4.4.0",
        "pretty-bytes": "^5.1.0",
        "stringify-object": "^3.3.0",
        "strip-comments": "^1.0.2",
        "workbox-background-sync": "^4.3.1",
        "workbox-broadcast-update": "^4.3.1",
        "workbox-cacheable-response": "^4.3.1",
        "workbox-core": "^4.3.1",
        "workbox-expiration": "^4.3.1",
        "workbox-google-analytics": "^4.3.1",
        "workbox-navigation-preload": "^4.3.1",
        "workbox-precaching": "^4.3.1",
        "workbox-range-requests": "^4.3.1",
        "workbox-routing": "^4.3.1",
        "workbox-strategies": "^4.3.1",
        "workbox-streams": "^4.3.1",
        "workbox-sw": "^4.3.1",
        "workbox-window": "^4.3.1"
      }
    },
    "workbox-cacheable-response": {
      "version": "4.3.1",
      "resolved": "https://registry.npmjs.org/workbox-cacheable-response/-/workbox-cacheable-response-4.3.1.tgz",
      "integrity": "sha512-Rp5qlzm6z8IOvnQNkCdO9qrDgDpoPNguovs0H8C+wswLuPgSzSp9p2afb5maUt9R1uTIwOXrVQMmPfPypv+npw==",
      "dev": true,
      "requires": {
        "workbox-core": "^4.3.1"
      }
    },
    "workbox-core": {
      "version": "4.3.1",
      "resolved": "https://registry.npmjs.org/workbox-core/-/workbox-core-4.3.1.tgz",
      "integrity": "sha512-I3C9jlLmMKPxAC1t0ExCq+QoAMd0vAAHULEgRZ7kieCdUd919n53WC0AfvokHNwqRhGn+tIIj7vcb5duCjs2Kg==",
      "dev": true
    },
    "workbox-expiration": {
      "version": "4.3.1",
      "resolved": "https://registry.npmjs.org/workbox-expiration/-/workbox-expiration-4.3.1.tgz",
      "integrity": "sha512-vsJLhgQsQouv9m0rpbXubT5jw0jMQdjpkum0uT+d9tTwhXcEZks7qLfQ9dGSaufTD2eimxbUOJfWLbNQpIDMPw==",
      "dev": true,
      "requires": {
        "workbox-core": "^4.3.1"
      }
    },
    "workbox-google-analytics": {
      "version": "4.3.1",
      "resolved": "https://registry.npmjs.org/workbox-google-analytics/-/workbox-google-analytics-4.3.1.tgz",
      "integrity": "sha512-xzCjAoKuOb55CBSwQrbyWBKqp35yg1vw9ohIlU2wTy06ZrYfJ8rKochb1MSGlnoBfXGWss3UPzxR5QL5guIFdg==",
      "dev": true,
      "requires": {
        "workbox-background-sync": "^4.3.1",
        "workbox-core": "^4.3.1",
        "workbox-routing": "^4.3.1",
        "workbox-strategies": "^4.3.1"
      }
    },
    "workbox-navigation-preload": {
      "version": "4.3.1",
      "resolved": "https://registry.npmjs.org/workbox-navigation-preload/-/workbox-navigation-preload-4.3.1.tgz",
      "integrity": "sha512-K076n3oFHYp16/C+F8CwrRqD25GitA6Rkd6+qAmLmMv1QHPI2jfDwYqrytOfKfYq42bYtW8Pr21ejZX7GvALOw==",
      "dev": true,
      "requires": {
        "workbox-core": "^4.3.1"
      }
    },
    "workbox-precaching": {
      "version": "4.3.1",
      "resolved": "https://registry.npmjs.org/workbox-precaching/-/workbox-precaching-4.3.1.tgz",
      "integrity": "sha512-piSg/2csPoIi/vPpp48t1q5JLYjMkmg5gsXBQkh/QYapCdVwwmKlU9mHdmy52KsDGIjVaqEUMFvEzn2LRaigqQ==",
      "dev": true,
      "requires": {
        "workbox-core": "^4.3.1"
      }
    },
    "workbox-range-requests": {
      "version": "4.3.1",
      "resolved": "https://registry.npmjs.org/workbox-range-requests/-/workbox-range-requests-4.3.1.tgz",
      "integrity": "sha512-S+HhL9+iTFypJZ/yQSl/x2Bf5pWnbXdd3j57xnb0V60FW1LVn9LRZkPtneODklzYuFZv7qK6riZ5BNyc0R0jZA==",
      "dev": true,
      "requires": {
        "workbox-core": "^4.3.1"
      }
    },
    "workbox-routing": {
      "version": "4.3.1",
      "resolved": "https://registry.npmjs.org/workbox-routing/-/workbox-routing-4.3.1.tgz",
      "integrity": "sha512-FkbtrODA4Imsi0p7TW9u9MXuQ5P4pVs1sWHK4dJMMChVROsbEltuE79fBoIk/BCztvOJ7yUpErMKa4z3uQLX+g==",
      "dev": true,
      "requires": {
        "workbox-core": "^4.3.1"
      }
    },
    "workbox-strategies": {
      "version": "4.3.1",
      "resolved": "https://registry.npmjs.org/workbox-strategies/-/workbox-strategies-4.3.1.tgz",
      "integrity": "sha512-F/+E57BmVG8dX6dCCopBlkDvvhg/zj6VDs0PigYwSN23L8hseSRwljrceU2WzTvk/+BSYICsWmRq5qHS2UYzhw==",
      "dev": true,
      "requires": {
        "workbox-core": "^4.3.1"
      }
    },
    "workbox-streams": {
      "version": "4.3.1",
      "resolved": "https://registry.npmjs.org/workbox-streams/-/workbox-streams-4.3.1.tgz",
      "integrity": "sha512-4Kisis1f/y0ihf4l3u/+ndMkJkIT4/6UOacU3A4BwZSAC9pQ9vSvJpIi/WFGQRH/uPXvuVjF5c2RfIPQFSS2uA==",
      "dev": true,
      "requires": {
        "workbox-core": "^4.3.1"
      }
    },
    "workbox-sw": {
      "version": "4.3.1",
      "resolved": "https://registry.npmjs.org/workbox-sw/-/workbox-sw-4.3.1.tgz",
      "integrity": "sha512-0jXdusCL2uC5gM3yYFT6QMBzKfBr2XTk0g5TPAV4y8IZDyVNDyj1a8uSXy3/XrvkVTmQvLN4O5k3JawGReXr9w==",
      "dev": true
    },
    "workbox-window": {
      "version": "4.3.1",
      "resolved": "https://registry.npmjs.org/workbox-window/-/workbox-window-4.3.1.tgz",
      "integrity": "sha512-C5gWKh6I58w3GeSc0wp2Ne+rqVw8qwcmZnQGpjiek8A2wpbxSJb1FdCoQVO+jDJs35bFgo/WETgl1fqgsxN0Hg==",
      "dev": true,
      "requires": {
        "workbox-core": "^4.3.1"
      }
    },
    "wrappy": {
      "version": "1.0.2",
      "resolved": "https://registry.npmjs.org/wrappy/-/wrappy-1.0.2.tgz",
      "integrity": "sha1-tSQ9jz7BqjXxNkYFvA0QNuMKtp8=",
      "dev": true
    }
  }
}
