{
  "name": "@deckdeckgo/deck-utils",
  "version": "1.0.0-rc.1",
  "lockfileVersion": 1,
  "requires": true,
  "dependencies": {
    "@deckdeckgo/utils": {
      "version": "1.0.0-rc.1-2",
      "resolved": "https://registry.npmjs.org/@deckdeckgo/utils/-/utils-1.0.0-rc.1-2.tgz",
      "integrity": "sha512-wWcUlQz70CpzGaVGeqfxwmT54DyF9cI69HmGGK9bTHLejyIGzJf2dSzzegTOboaV7QS1msk8Pw69xOWzbYx2UQ=="
    },
    "typescript": {
      "version": "3.6.4",
      "resolved": "https://registry.npmjs.org/typescript/-/typescript-3.6.4.tgz",
      "integrity": "sha512-unoCll1+l+YK4i4F8f22TaNVPRHcD9PA3yCuZ8g5e0qGqlVlJ/8FSateOLLSagn+Yg5+ZwuPkL8LFUc0Jcvksg==",
      "dev": true
    }
  }
}
